// !$*UTF8*$!
{
	archiveVersion = 1;
	classes = {
	};
	objectVersion = 56;
	objects = {

/* Begin PBXBuildFile section */
		820933DE2A78425F00AF3FF1 /* CongregationAPI.swift in Sources */ = {isa = PBXBuildFile; fileRef = 820933DD2A78425F00AF3FF1 /* CongregationAPI.swift */; };
		820933E02A78427E00AF3FF1 /* CongregationSignInForm.swift in Sources */ = {isa = PBXBuildFile; fileRef = 820933DF2A78427E00AF3FF1 /* CongregationSignInForm.swift */; };
		820933E22A78444800AF3FF1 /* CongregationResponse.swift in Sources */ = {isa = PBXBuildFile; fileRef = 820933E12A78444800AF3FF1 /* CongregationResponse.swift */; };
		820933E42A784C3300AF3FF1 /* AllDataResponse.swift in Sources */ = {isa = PBXBuildFile; fileRef = 820933E32A784C3300AF3FF1 /* AllDataResponse.swift */; };
		820933E72A78506100AF3FF1 /* HouseModel.swift in Sources */ = {isa = PBXBuildFile; fileRef = 820933E62A78506100AF3FF1 /* HouseModel.swift */; };
		820933E92A7852B400AF3FF1 /* TerritoryModel.swift in Sources */ = {isa = PBXBuildFile; fileRef = 820933E82A7852B400AF3FF1 /* TerritoryModel.swift */; };
		820933EB2A7852FD00AF3FF1 /* VisitModel.swift in Sources */ = {isa = PBXBuildFile; fileRef = 820933EA2A7852FD00AF3FF1 /* VisitModel.swift */; };
		820933ED2A785A9400AF3FF1 /* UserAPI.swift in Sources */ = {isa = PBXBuildFile; fileRef = 820933EC2A785A9400AF3FF1 /* UserAPI.swift */; };
		820933EF2A785B5800AF3FF1 /* TokenAPI.swift in Sources */ = {isa = PBXBuildFile; fileRef = 820933EE2A785B5800AF3FF1 /* TokenAPI.swift */; };
		820933F12A785D7F00AF3FF1 /* MyTokenModel.swift in Sources */ = {isa = PBXBuildFile; fileRef = 820933F02A785D7F00AF3FF1 /* MyTokenModel.swift */; };
		820933F32A785DD500AF3FF1 /* TokenTerritory.swift in Sources */ = {isa = PBXBuildFile; fileRef = 820933F22A785DD500AF3FF1 /* TokenTerritory.swift */; };
		820933F52A78608C00AF3FF1 /* NewTokenForm.swift in Sources */ = {isa = PBXBuildFile; fileRef = 820933F42A78608C00AF3FF1 /* NewTokenForm.swift */; };
		820933F72A78631500AF3FF1 /* DeleteTokenForm.swift in Sources */ = {isa = PBXBuildFile; fileRef = 820933F62A78631500AF3FF1 /* DeleteTokenForm.swift */; };
		820933FB2A794D0C00AF3FF1 /* SynchronizationManager.swift in Sources */ = {isa = PBXBuildFile; fileRef = 820933FA2A794D0C00AF3FF1 /* SynchronizationManager.swift */; };
		820933FE2A795FDD00AF3FF1 /* AccessLevel.swift in Sources */ = {isa = PBXBuildFile; fileRef = 820933FD2A795FDD00AF3FF1 /* AccessLevel.swift */; };
		820934002A7993E200AF3FF1 /* StructToModel.swift in Sources */ = {isa = PBXBuildFile; fileRef = 820933FF2A7993E200AF3FF1 /* StructToModel.swift */; };
		820934032A7ABB3A00AF3FF1 /* WelcomeView.swift in Sources */ = {isa = PBXBuildFile; fileRef = 820934022A7ABB3A00AF3FF1 /* WelcomeView.swift */; };
		820934052A7ABB6D00AF3FF1 /* LottieAnimationUIView.swift in Sources */ = {isa = PBXBuildFile; fileRef = 820934042A7ABB6D00AF3FF1 /* LottieAnimationUIView.swift */; };
		8209340B2A7AD1A800AF3FF1 /* UIScreen Extension.swift in Sources */ = {isa = PBXBuildFile; fileRef = 8209340A2A7AD1A800AF3FF1 /* UIScreen Extension.swift */; };
		8209340D2A7ADB3700AF3FF1 /* SignupView.swift in Sources */ = {isa = PBXBuildFile; fileRef = 8209340C2A7ADB3700AF3FF1 /* SignupView.swift */; };
		8209340F2A7ADB4000AF3FF1 /* LoginView.swift in Sources */ = {isa = PBXBuildFile; fileRef = 8209340E2A7ADB4000AF3FF1 /* LoginView.swift */; };
		820934112A7ADC9600AF3FF1 /* OvalTextFieldStyle.swift in Sources */ = {isa = PBXBuildFile; fileRef = 820934102A7ADC9600AF3FF1 /* OvalTextFieldStyle.swift */; };
		820934182A7AF35800AF3FF1 /* ViewExtension.swift in Sources */ = {isa = PBXBuildFile; fileRef = 820934172A7AF35800AF3FF1 /* ViewExtension.swift */; };
		821111B62A7315B600F94662 /* AuthenticationAPI.swift in Sources */ = {isa = PBXBuildFile; fileRef = 821111B52A7315B600F94662 /* AuthenticationAPI.swift */; };
		821C125F2A77EE810050D106 /* API_Requests.swift in Sources */ = {isa = PBXBuildFile; fileRef = 821C125E2A77EE810050D106 /* API_Requests.swift */; };
		821C12642A77F0BD0050D106 /* LoginForm.swift in Sources */ = {isa = PBXBuildFile; fileRef = 821C12632A77F0BD0050D106 /* LoginForm.swift */; };
		821C12662A77F37F0050D106 /* ApiRequestAsync.swift in Sources */ = {isa = PBXBuildFile; fileRef = 821C12652A77F37F0050D106 /* ApiRequestAsync.swift */; };
		821C12682A77F6180050D106 /* LoginResponse.swift in Sources */ = {isa = PBXBuildFile; fileRef = 821C12672A77F6180050D106 /* LoginResponse.swift */; };
		821C126A2A77F74D0050D106 /* AuthorizationProvider.swift in Sources */ = {isa = PBXBuildFile; fileRef = 821C12692A77F74D0050D106 /* AuthorizationProvider.swift */; };
		821C126C2A78081D0050D106 /* SignUpForm.swift in Sources */ = {isa = PBXBuildFile; fileRef = 821C126B2A78081D0050D106 /* SignUpForm.swift */; };
		821C126E2A780B310050D106 /* UserResponse.swift in Sources */ = {isa = PBXBuildFile; fileRef = 821C126D2A780B310050D106 /* UserResponse.swift */; };
		821C12722A780EE40050D106 /* PasswordResetAPI.swift in Sources */ = {isa = PBXBuildFile; fileRef = 821C12712A780EE40050D106 /* PasswordResetAPI.swift */; };
		821C12742A780F4C0050D106 /* RequestResetForm.swift in Sources */ = {isa = PBXBuildFile; fileRef = 821C12732A780F4C0050D106 /* RequestResetForm.swift */; };
		821C12762A78111C0050D106 /* ResetPasswordForm.swift in Sources */ = {isa = PBXBuildFile; fileRef = 821C12752A78111C0050D106 /* ResetPasswordForm.swift */; };
		821C12782A7811CD0050D106 /* AdminAPI.swift in Sources */ = {isa = PBXBuildFile; fileRef = 821C12772A7811CD0050D106 /* AdminAPI.swift */; };
		821DE74D2BD9EA46001D092D /* AppDelegate.swift in Sources */ = {isa = PBXBuildFile; fileRef = 821DE74C2BD9EA46001D092D /* AppDelegate.swift */; };
		821DE74F2BD9EB66001D092D /* apple-app-site-association in Sources */ = {isa = PBXBuildFile; fileRef = 821DE74E2BD9EB66001D092D /* apple-app-site-association */; };
		821F090F2AA965FE00D6B6E6 /* GRDBQuery in Frameworks */ = {isa = PBXBuildFile; productRef = 821F090E2AA965FE00D6B6E6 /* GRDBQuery */; };
		822FA0742AA6B61C0008FA61 /* Lottie in Frameworks */ = {isa = PBXBuildFile; productRef = 822FA0732AA6B61C0008FA61 /* Lottie */; };
		822FA0772AA6B6230008FA61 /* Alamofire in Frameworks */ = {isa = PBXBuildFile; productRef = 822FA0762AA6B6230008FA61 /* Alamofire */; };
		822FA07A2AA6B62B0008FA61 /* ScalingHeaderScrollView in Frameworks */ = {isa = PBXBuildFile; productRef = 822FA0792AA6B62B0008FA61 /* ScalingHeaderScrollView */; };
		822FA07D2AA6B6320008FA61 /* Nuke in Frameworks */ = {isa = PBXBuildFile; productRef = 822FA07C2AA6B6320008FA61 /* Nuke */; };
		822FA07F2AA6B6320008FA61 /* NukeExtensions in Frameworks */ = {isa = PBXBuildFile; productRef = 822FA07E2AA6B6320008FA61 /* NukeExtensions */; };
		822FA0812AA6B6320008FA61 /* NukeUI in Frameworks */ = {isa = PBXBuildFile; productRef = 822FA0802AA6B6320008FA61 /* NukeUI */; };
		822FA0832AA6B6320008FA61 /* NukeVideo in Frameworks */ = {isa = PBXBuildFile; productRef = 822FA0822AA6B6320008FA61 /* NukeVideo */; };
		822FA0862AA6B6440008FA61 /* ActivityIndicatorView in Frameworks */ = {isa = PBXBuildFile; productRef = 822FA0852AA6B6440008FA61 /* ActivityIndicatorView */; };
		822FA0972AA6B6650008FA61 /* SwipeActions in Frameworks */ = {isa = PBXBuildFile; productRef = 822FA0962AA6B6650008FA61 /* SwipeActions */; };
		822FA0A02AA6B7800008FA61 /* NavigationTransitions in Frameworks */ = {isa = PBXBuildFile; productRef = 822FA09F2AA6B7800008FA61 /* NavigationTransitions */; };
		822FA0A32AA6B7C00008FA61 /* PopupView in Frameworks */ = {isa = PBXBuildFile; productRef = 822FA0A22AA6B7C00008FA61 /* PopupView */; };
		822FA0A52AA7798A0008FA61 /* HousesViewModel.swift in Sources */ = {isa = PBXBuildFile; fileRef = 822FA0A42AA7798A0008FA61 /* HousesViewModel.swift */; };
		822FA0A72AA77A200008FA61 /* CirlceButtonStyle.swift in Sources */ = {isa = PBXBuildFile; fileRef = 822FA0A62AA77A200008FA61 /* CirlceButtonStyle.swift */; };
		822FA0AA2AA77C8F0008FA61 /* HouseCell.swift in Sources */ = {isa = PBXBuildFile; fileRef = 822FA0A92AA77C8F0008FA61 /* HouseCell.swift */; };
		823FD4C92A7B52560036A1DD /* UIDeviceExtension.swift in Sources */ = {isa = PBXBuildFile; fileRef = 823FD4C82A7B52560036A1DD /* UIDeviceExtension.swift */; };
		823FD4CB2A7BE3DA0036A1DD /* AdminLoginView.swift in Sources */ = {isa = PBXBuildFile; fileRef = 823FD4CA2A7BE3DA0036A1DD /* AdminLoginView.swift */; };
		823FD4D02A7BF07B0036A1DD /* LoadingView.swift in Sources */ = {isa = PBXBuildFile; fileRef = 823FD4CF2A7BF07B0036A1DD /* LoadingView.swift */; };
		823FD4D22A7BFA640036A1DD /* VerificationView.swift in Sources */ = {isa = PBXBuildFile; fileRef = 823FD4D12A7BFA640036A1DD /* VerificationView.swift */; };
		823FD4D52A7D6F2D0036A1DD /* TerritoryView.swift in Sources */ = {isa = PBXBuildFile; fileRef = 823FD4D42A7D6F2D0036A1DD /* TerritoryView.swift */; };
		823FD4D72A7E78DA0036A1DD /* CellView.swift in Sources */ = {isa = PBXBuildFile; fileRef = 823FD4D62A7E78DA0036A1DD /* CellView.swift */; };
		823FD4DA2A8165230036A1DD /* AccessView.swift in Sources */ = {isa = PBXBuildFile; fileRef = 823FD4D92A8165230036A1DD /* AccessView.swift */; };
		823FD4DC2A8165300036A1DD /* SettingsView.swift in Sources */ = {isa = PBXBuildFile; fileRef = 823FD4DB2A8165300036A1DD /* SettingsView.swift */; };
		824213662A82BF0200626DD5 /* StartupState.swift in Sources */ = {isa = PBXBuildFile; fileRef = 824213652A82BF0200626DD5 /* StartupState.swift */; };
		824213692A82C4CB00626DD5 /* AuthenticationManager.swift in Sources */ = {isa = PBXBuildFile; fileRef = 824213682A82C4CB00626DD5 /* AuthenticationManager.swift */; };
		8242136B2A82C5C800626DD5 /* StorageManager.swift in Sources */ = {isa = PBXBuildFile; fileRef = 8242136A2A82C5C800626DD5 /* StorageManager.swift */; };
		8242136D2A82CF4000626DD5 /* CustomErrors.swift in Sources */ = {isa = PBXBuildFile; fileRef = 8242136C2A82CF4000626DD5 /* CustomErrors.swift */; };
		824213702A82DAEA00626DD5 /* NoDataView.swift in Sources */ = {isa = PBXBuildFile; fileRef = 8242136F2A82DAEA00626DD5 /* NoDataView.swift */; };
		824213722A82DB7300626DD5 /* SplashScreenView.swift in Sources */ = {isa = PBXBuildFile; fileRef = 824213712A82DB7300626DD5 /* SplashScreenView.swift */; };
		824213752A82E7D000626DD5 /* LoginViewModel.swift in Sources */ = {isa = PBXBuildFile; fileRef = 824213742A82E7D000626DD5 /* LoginViewModel.swift */; };
		824213772A8332EB00626DD5 /* CustomField.swift in Sources */ = {isa = PBXBuildFile; fileRef = 824213762A8332EB00626DD5 /* CustomField.swift */; };
		824213792A83335B00626DD5 /* CustomBackButton.swift in Sources */ = {isa = PBXBuildFile; fileRef = 824213782A83335B00626DD5 /* CustomBackButton.swift */; };
		8242137B2A83357600626DD5 /* CustomButton.swift in Sources */ = {isa = PBXBuildFile; fileRef = 8242137A2A83357600626DD5 /* CustomButton.swift */; };
		8242137D2A84810300626DD5 /* SignupViewModel.swift in Sources */ = {isa = PBXBuildFile; fileRef = 8242137C2A84810300626DD5 /* SignupViewModel.swift */; };
		824E5CEE2BC37962001DE348 /* VisitsViewModel.swift in Sources */ = {isa = PBXBuildFile; fileRef = 824E5CED2BC37962001DE348 /* VisitsViewModel.swift */; };
		824E5CF02BC43012001DE348 /* VisitCell.swift in Sources */ = {isa = PBXBuildFile; fileRef = 824E5CEF2BC43012001DE348 /* VisitCell.swift */; };
		824E5CF22BC57B6B001DE348 /* AccessViewModel.swift in Sources */ = {isa = PBXBuildFile; fileRef = 824E5CF12BC57B6B001DE348 /* AccessViewModel.swift */; };
		824E5CF42BC57F73001DE348 /* TokenCell.swift in Sources */ = {isa = PBXBuildFile; fileRef = 824E5CF32BC57F73001DE348 /* TokenCell.swift */; };
		824E5CF62BC5ABF4001DE348 /* DatabaseManager.swift in Sources */ = {isa = PBXBuildFile; fileRef = 824E5CF52BC5ABF4001DE348 /* DatabaseManager.swift */; };
		8250B1A92A8A826800A7B70E /* TerritoryViewModel.swift in Sources */ = {isa = PBXBuildFile; fileRef = 8250B1A82A8A826800A7B70E /* TerritoryViewModel.swift */; };
		825645A02BCE0FC000F18AC9 /* Realm in Frameworks */ = {isa = PBXBuildFile; productRef = 8256459F2BCE0FC000F18AC9 /* Realm */; };
		825645A22BCE0FC000F18AC9 /* RealmSwift in Frameworks */ = {isa = PBXBuildFile; productRef = 825645A12BCE0FC000F18AC9 /* RealmSwift */; };
		825645A52BCE104300F18AC9 /* HouseObject.swift in Sources */ = {isa = PBXBuildFile; fileRef = 825645A42BCE104300F18AC9 /* HouseObject.swift */; };
		825645A72BCE117500F18AC9 /* TerritoryObject.swift in Sources */ = {isa = PBXBuildFile; fileRef = 825645A62BCE117500F18AC9 /* TerritoryObject.swift */; };
		825645A92BCE11EE00F18AC9 /* VisitObject.swift in Sources */ = {isa = PBXBuildFile; fileRef = 825645A82BCE11EE00F18AC9 /* VisitObject.swift */; };
		825645AB2BCE125000F18AC9 /* TokenObject.swift in Sources */ = {isa = PBXBuildFile; fileRef = 825645AA2BCE125000F18AC9 /* TokenObject.swift */; };
		825645AD2BCE128E00F18AC9 /* TokenTerritoryObject.swift in Sources */ = {isa = PBXBuildFile; fileRef = 825645AC2BCE128E00F18AC9 /* TokenTerritoryObject.swift */; };
		825645AF2BCE12DA00F18AC9 /* TerritoryAddressObject.swift in Sources */ = {isa = PBXBuildFile; fileRef = 825645AE2BCE12DA00F18AC9 /* TerritoryAddressObject.swift */; };
		825645B12BCE13BD00F18AC9 /* RealmManager.swift in Sources */ = {isa = PBXBuildFile; fileRef = 825645B02BCE13BD00F18AC9 /* RealmManager.swift */; };
		825645B32BCE283500F18AC9 /* AreEqualFuncs.swift in Sources */ = {isa = PBXBuildFile; fileRef = 825645B22BCE283500F18AC9 /* AreEqualFuncs.swift */; };
		825645B52BD04E9F00F18AC9 /* AddressData.swift in Sources */ = {isa = PBXBuildFile; fileRef = 825645B42BD04E9F00F18AC9 /* AddressData.swift */; };
		825645B72BD04FCD00F18AC9 /* AddressViewModel.swift in Sources */ = {isa = PBXBuildFile; fileRef = 825645B62BD04FCD00F18AC9 /* AddressViewModel.swift */; };
		826B766E2A729FDE000A4BAA /* Service_Maps_2_0App.swift in Sources */ = {isa = PBXBuildFile; fileRef = 826B766D2A729FDE000A4BAA /* Service_Maps_2_0App.swift */; };
		826B76702A729FDE000A4BAA /* HomeTabView.swift in Sources */ = {isa = PBXBuildFile; fileRef = 826B766F2A729FDE000A4BAA /* HomeTabView.swift */; };
		826B76722A729FE1000A4BAA /* Assets.xcassets in Resources */ = {isa = PBXBuildFile; fileRef = 826B76712A729FE1000A4BAA /* Assets.xcassets */; };
		826B76752A729FE1000A4BAA /* Preview Assets.xcassets in Resources */ = {isa = PBXBuildFile; fileRef = 826B76742A729FE1000A4BAA /* Preview Assets.xcassets */; };
		826B76772A729FE1000A4BAA /* NSManagedObjectExtension.swift in Sources */ = {isa = PBXBuildFile; fileRef = 826B76762A729FE1000A4BAA /* NSManagedObjectExtension.swift */; };
		826B76822A729FF6000A4BAA /* Service_Maps.xcdatamodeld in Sources */ = {isa = PBXBuildFile; fileRef = 826B76802A729FF6000A4BAA /* Service_Maps.xcdatamodeld */; };
		827E35C62BE4453200FC0C64 /* HouseSortPredicate.swift in Sources */ = {isa = PBXBuildFile; fileRef = 827E35C52BE4453200FC0C64 /* HouseSortPredicate.swift */; };
		827EF1A22AA7B7E3006C4631 /* VisitsView.swift in Sources */ = {isa = PBXBuildFile; fileRef = 827EF1A12AA7B7E3006C4631 /* VisitsView.swift */; };
		827EF1A42AA7C2F0006C4631 /* DateFormat.swift in Sources */ = {isa = PBXBuildFile; fileRef = 827EF1A32AA7C2F0006C4631 /* DateFormat.swift */; };
		827EF1A62AA8C628006C4631 /* ModelExtensions.swift in Sources */ = {isa = PBXBuildFile; fileRef = 827EF1A52AA8C628006C4631 /* ModelExtensions.swift */; };
		827EF1A82AA8C644006C4631 /* TerritoryData.swift in Sources */ = {isa = PBXBuildFile; fileRef = 827EF1A72AA8C644006C4631 /* TerritoryData.swift */; };
		827EF1AA2AA8D0CD006C4631 /* NavigationAnimation.swift in Sources */ = {isa = PBXBuildFile; fileRef = 827EF1A92AA8D0CD006C4631 /* NavigationAnimation.swift */; };
		8288001E2AA6621D00725826 /* ReuploaderWorker.swift in Sources */ = {isa = PBXBuildFile; fileRef = 8288001D2AA6621D00725826 /* ReuploaderWorker.swift */; };
		828800202AA68BAA00725826 /* CDPublisher.swift in Sources */ = {isa = PBXBuildFile; fileRef = 8288001F2AA68BAA00725826 /* CDPublisher.swift */; };
		82916C172A990955005133DE /* ImagePickerView.swift in Sources */ = {isa = PBXBuildFile; fileRef = 82916C162A990955005133DE /* ImagePickerView.swift */; };
		82916C192A994298005133DE /* AddVisitView.swift in Sources */ = {isa = PBXBuildFile; fileRef = 82916C182A994298005133DE /* AddVisitView.swift */; };
		82916C1B2A994387005133DE /* AddVisitViewModel.swift in Sources */ = {isa = PBXBuildFile; fileRef = 82916C1A2A994387005133DE /* AddVisitViewModel.swift */; };
		82916C1D2A9944B3005133DE /* Symbols.swift in Sources */ = {isa = PBXBuildFile; fileRef = 82916C1C2A9944B3005133DE /* Symbols.swift */; };
		82A399C52BBEFAD200ECA5E6 /* AddHouseViewModel.swift in Sources */ = {isa = PBXBuildFile; fileRef = 82A399C42BBEFAD200ECA5E6 /* AddHouseViewModel.swift */; };
		82A5B4592BD1A48500F52F2F /* TerritoryDataWithKeys.swift in Sources */ = {isa = PBXBuildFile; fileRef = 82A5B4582BD1A48500F52F2F /* TerritoryDataWithKeys.swift */; };
		82A5B45B2BD2F64800F52F2F /* AddAddressView.swift in Sources */ = {isa = PBXBuildFile; fileRef = 82A5B45A2BD2F64800F52F2F /* AddAddressView.swift */; };
		82A5B45D2BD2F65E00F52F2F /* AddAddressViewModel.swift in Sources */ = {isa = PBXBuildFile; fileRef = 82A5B45C2BD2F65E00F52F2F /* AddAddressViewModel.swift */; };
		82A5B4602BD482EB00F52F2F /* AlertKit in Frameworks */ = {isa = PBXBuildFile; productRef = 82A5B45F2BD482EB00F52F2F /* AlertKit */; };
		82A5B4622BD5B31600F52F2F /* HouseData.swift in Sources */ = {isa = PBXBuildFile; fileRef = 82A5B4612BD5B31600F52F2F /* HouseData.swift */; };
		82A5B4642BD5B9D700F52F2F /* VisitData.swift in Sources */ = {isa = PBXBuildFile; fileRef = 82A5B4632BD5B9D700F52F2F /* VisitData.swift */; };
		82A5B4662BD6C41D00F52F2F /* KeyData.swift in Sources */ = {isa = PBXBuildFile; fileRef = 82A5B4652BD6C41D00F52F2F /* KeyData.swift */; };
		82A5B4682BD815A200F52F2F /* AddKeyViewModel.swift in Sources */ = {isa = PBXBuildFile; fileRef = 82A5B4672BD815A200F52F2F /* AddKeyViewModel.swift */; };
		82A5B46A2BD820BB00F52F2F /* AddKeyView.swift in Sources */ = {isa = PBXBuildFile; fileRef = 82A5B4692BD820BB00F52F2F /* AddKeyView.swift */; };
		82A5B46C2BD94BE900F52F2F /* SettingsViewModel.swift in Sources */ = {isa = PBXBuildFile; fileRef = 82A5B46B2BD94BE900F52F2F /* SettingsViewModel.swift */; };
		82A967B72AAABE890043946F /* RoundedCornerExtension.swift in Sources */ = {isa = PBXBuildFile; fileRef = 82A967B62AAABE890043946F /* RoundedCornerExtension.swift */; };
		82BC0F1B2A9BEFCB00B255BF /* TerritoryAddressModel.swift in Sources */ = {isa = PBXBuildFile; fileRef = 82BC0F1A2A9BEFCB00B255BF /* TerritoryAddressModel.swift */; };
		82BC0F1D2A9BF53900B255BF /* DataUploaderManager.swift in Sources */ = {isa = PBXBuildFile; fileRef = 82BC0F1C2A9BF53900B255BF /* DataUploaderManager.swift */; };
		82BC0F1F2A9BF55B00B255BF /* AuthorizationLevelManager.swift in Sources */ = {isa = PBXBuildFile; fileRef = 82BC0F1E2A9BF55B00B255BF /* AuthorizationLevelManager.swift */; };
		82BC0F212A9C249300B255BF /* ChangeAction.swift in Sources */ = {isa = PBXBuildFile; fileRef = 82BC0F202A9C249300B255BF /* ChangeAction.swift */; };
		82BC0F232A9C24AC00B255BF /* ChangeType.swift in Sources */ = {isa = PBXBuildFile; fileRef = 82BC0F222A9C24AC00B255BF /* ChangeType.swift */; };
		82BC0F252A9C2C1D00B255BF /* PendingChange.swift in Sources */ = {isa = PBXBuildFile; fileRef = 82BC0F242A9C2C1D00B255BF /* PendingChange.swift */; };
		82BC0F272A9CD94500B255BF /* AddHouseView.swift in Sources */ = {isa = PBXBuildFile; fileRef = 82BC0F262A9CD94500B255BF /* AddHouseView.swift */; };
		82C11AAD2AA35FC8007CDFFA /* TerritoryAddressView.swift in Sources */ = {isa = PBXBuildFile; fileRef = 82C11AAC2AA35FC8007CDFFA /* TerritoryAddressView.swift */; };
		82D526052A9290EE00B42916 /* AddTerritoryView.swift in Sources */ = {isa = PBXBuildFile; fileRef = 82D526042A9290EE00B42916 /* AddTerritoryView.swift */; };
		82D526072A9292B100B42916 /* AddTerritoryViewModel.swift in Sources */ = {isa = PBXBuildFile; fileRef = 82D526062A9292B100B42916 /* AddTerritoryViewModel.swift */; };
		82DAEEDE2AAF597100465DA5 /* HomeView.swift in Sources */ = {isa = PBXBuildFile; fileRef = 82DAEEDD2AAF597100465DA5 /* HomeView.swift */; };
		82DBEA9A2A880B9E002048DC /* ResetPassword.swift in Sources */ = {isa = PBXBuildFile; fileRef = 82DBEA992A880B9E002048DC /* ResetPassword.swift */; };
		82EC3E932A9CFF68000E2926 /* HousesView.swift in Sources */ = {isa = PBXBuildFile; fileRef = 82EC3E922A9CFF68000E2926 /* HousesView.swift */; };
		82F288872A86C21100930849 /* VerificationViewModel.swift in Sources */ = {isa = PBXBuildFile; fileRef = 82F288862A86C21100930849 /* VerificationViewModel.swift */; };
		82F75C102BDB3DE5002CCAB0 /* PrivacyPolicy.swift in Sources */ = {isa = PBXBuildFile; fileRef = 82F75C0F2BDB3DE5002CCAB0 /* PrivacyPolicy.swift */; };
		82F75C122BDC01AA002CCAB0 /* RegisterKeyView.swift in Sources */ = {isa = PBXBuildFile; fileRef = 82F75C112BDC01AA002CCAB0 /* RegisterKeyView.swift */; };
		82F75C142BDC98B7002CCAB0 /* Localizable.xcstrings in Resources */ = {isa = PBXBuildFile; fileRef = 82F75C132BDC98B7002CCAB0 /* Localizable.xcstrings */; };
		82F75C162BE132D3002CCAB0 /* AllPhoneDataResponse.swift in Sources */ = {isa = PBXBuildFile; fileRef = 82F75C152BE132D3002CCAB0 /* AllPhoneDataResponse.swift */; };
		82F75C182BE1333E002CCAB0 /* PhoneTerritoryModel.swift in Sources */ = {isa = PBXBuildFile; fileRef = 82F75C172BE1333E002CCAB0 /* PhoneTerritoryModel.swift */; };
		82F75C1A2BE1343A002CCAB0 /* PhoneNumberModel.swift in Sources */ = {isa = PBXBuildFile; fileRef = 82F75C192BE1343A002CCAB0 /* PhoneNumberModel.swift */; };
		82F75C1C2BE134D3002CCAB0 /* PhoneCallModel.swift in Sources */ = {isa = PBXBuildFile; fileRef = 82F75C1B2BE134D3002CCAB0 /* PhoneCallModel.swift */; };
		82F75C1E2BE13710002CCAB0 /* PhoneTerritoryObject.swift in Sources */ = {isa = PBXBuildFile; fileRef = 82F75C1D2BE13710002CCAB0 /* PhoneTerritoryObject.swift */; };
		82F75C202BE13885002CCAB0 /* PhoneNumberObject.swift in Sources */ = {isa = PBXBuildFile; fileRef = 82F75C1F2BE13885002CCAB0 /* PhoneNumberObject.swift */; };
		82F75C222BE138FC002CCAB0 /* PhoneCallObject.swift in Sources */ = {isa = PBXBuildFile; fileRef = 82F75C212BE138FC002CCAB0 /* PhoneCallObject.swift */; };
		82F75C242BE1552D002CCAB0 /* PhoneLoginScreen.swift in Sources */ = {isa = PBXBuildFile; fileRef = 82F75C232BE1552D002CCAB0 /* PhoneLoginScreen.swift */; };
		82F75C262BE15A2E002CCAB0 /* PhoneTerritoriesScreen.swift in Sources */ = {isa = PBXBuildFile; fileRef = 82F75C252BE15A2E002CCAB0 /* PhoneTerritoriesScreen.swift */; };
		82F75C282BE15E5D002CCAB0 /* PhoneData.swift in Sources */ = {isa = PBXBuildFile; fileRef = 82F75C272BE15E5D002CCAB0 /* PhoneData.swift */; };
		82F75C2A2BE15F04002CCAB0 /* PhoneScreenViewModel.swift in Sources */ = {isa = PBXBuildFile; fileRef = 82F75C292BE15F04002CCAB0 /* PhoneScreenViewModel.swift */; };
		82F75C2C2BE160F5002CCAB0 /* AddPhoneTerritoryView.swift in Sources */ = {isa = PBXBuildFile; fileRef = 82F75C2B2BE160F5002CCAB0 /* AddPhoneTerritoryView.swift */; };
		82F75C2E2BE27698002CCAB0 /* PhoneNumbersData.swift in Sources */ = {isa = PBXBuildFile; fileRef = 82F75C2D2BE27698002CCAB0 /* PhoneNumbersData.swift */; };
		82F75C302BE27919002CCAB0 /* PhoneCallData.swift in Sources */ = {isa = PBXBuildFile; fileRef = 82F75C2F2BE27919002CCAB0 /* PhoneCallData.swift */; };
		82F75C342BE29886002CCAB0 /* PhoneNumbersView.swift in Sources */ = {isa = PBXBuildFile; fileRef = 82F75C332BE29886002CCAB0 /* PhoneNumbersView.swift */; };
		82F75C362BE2A5C8002CCAB0 /* AddPhoneNumberScreen.swift in Sources */ = {isa = PBXBuildFile; fileRef = 82F75C352BE2A5C8002CCAB0 /* AddPhoneNumberScreen.swift */; };
		82F75C382BE2D1A8002CCAB0 /* CallsView.swift in Sources */ = {isa = PBXBuildFile; fileRef = 82F75C372BE2D1A8002CCAB0 /* CallsView.swift */; };
		82F75C3A2BE2D1BA002CCAB0 /* CallsViewModel.swift in Sources */ = {isa = PBXBuildFile; fileRef = 82F75C392BE2D1BA002CCAB0 /* CallsViewModel.swift */; };
		82F75C3C2BE2D6D7002CCAB0 /* AddCallView.swift in Sources */ = {isa = PBXBuildFile; fileRef = 82F75C3B2BE2D6D7002CCAB0 /* AddCallView.swift */; };
		82F75C3E2BE2D6E3002CCAB0 /* AddCallViewModel.swift in Sources */ = {isa = PBXBuildFile; fileRef = 82F75C3D2BE2D6E3002CCAB0 /* AddCallViewModel.swift */; };
		82F769002BE92FA2001FA3CF /* FloatingButton in Frameworks */ = {isa = PBXBuildFile; productRef = 82F768FF2BE92FA2001FA3CF /* FloatingButton */; };
		82F913072BDAA01F00644A67 /* UniversalLinksManager.swift in Sources */ = {isa = PBXBuildFile; fileRef = 82F913062BDAA01F00644A67 /* UniversalLinksManager.swift */; };
		82F913092BDAB27F00644A67 /* LinkScreens.swift in Sources */ = {isa = PBXBuildFile; fileRef = 82F913082BDAB27F00644A67 /* LinkScreens.swift */; };
		82F9130C2BDAE7D000644A67 /* ValidationView.swift in Sources */ = {isa = PBXBuildFile; fileRef = 82F9130B2BDAE7D000644A67 /* ValidationView.swift */; };
/* End PBXBuildFile section */

/* Begin PBXFileReference section */
		820933DD2A78425F00AF3FF1 /* CongregationAPI.swift */ = {isa = PBXFileReference; lastKnownFileType = sourcecode.swift; path = CongregationAPI.swift; sourceTree = "<group>"; };
		820933DF2A78427E00AF3FF1 /* CongregationSignInForm.swift */ = {isa = PBXFileReference; lastKnownFileType = sourcecode.swift; path = CongregationSignInForm.swift; sourceTree = "<group>"; };
		820933E12A78444800AF3FF1 /* CongregationResponse.swift */ = {isa = PBXFileReference; lastKnownFileType = sourcecode.swift; path = CongregationResponse.swift; sourceTree = "<group>"; };
		820933E32A784C3300AF3FF1 /* AllDataResponse.swift */ = {isa = PBXFileReference; lastKnownFileType = sourcecode.swift; path = AllDataResponse.swift; sourceTree = "<group>"; };
		820933E62A78506100AF3FF1 /* HouseModel.swift */ = {isa = PBXFileReference; lastKnownFileType = sourcecode.swift; path = HouseModel.swift; sourceTree = "<group>"; };
		820933E82A7852B400AF3FF1 /* TerritoryModel.swift */ = {isa = PBXFileReference; lastKnownFileType = sourcecode.swift; path = TerritoryModel.swift; sourceTree = "<group>"; };
		820933EA2A7852FD00AF3FF1 /* VisitModel.swift */ = {isa = PBXFileReference; lastKnownFileType = sourcecode.swift; path = VisitModel.swift; sourceTree = "<group>"; };
		820933EC2A785A9400AF3FF1 /* UserAPI.swift */ = {isa = PBXFileReference; lastKnownFileType = sourcecode.swift; path = UserAPI.swift; sourceTree = "<group>"; };
		820933EE2A785B5800AF3FF1 /* TokenAPI.swift */ = {isa = PBXFileReference; lastKnownFileType = sourcecode.swift; path = TokenAPI.swift; sourceTree = "<group>"; };
		820933F02A785D7F00AF3FF1 /* MyTokenModel.swift */ = {isa = PBXFileReference; lastKnownFileType = sourcecode.swift; path = MyTokenModel.swift; sourceTree = "<group>"; };
		820933F22A785DD500AF3FF1 /* TokenTerritory.swift */ = {isa = PBXFileReference; lastKnownFileType = sourcecode.swift; path = TokenTerritory.swift; sourceTree = "<group>"; };
		820933F42A78608C00AF3FF1 /* NewTokenForm.swift */ = {isa = PBXFileReference; lastKnownFileType = sourcecode.swift; path = NewTokenForm.swift; sourceTree = "<group>"; };
		820933F62A78631500AF3FF1 /* DeleteTokenForm.swift */ = {isa = PBXFileReference; lastKnownFileType = sourcecode.swift; path = DeleteTokenForm.swift; sourceTree = "<group>"; };
		820933FA2A794D0C00AF3FF1 /* SynchronizationManager.swift */ = {isa = PBXFileReference; lastKnownFileType = sourcecode.swift; path = SynchronizationManager.swift; sourceTree = "<group>"; };
		820933FD2A795FDD00AF3FF1 /* AccessLevel.swift */ = {isa = PBXFileReference; lastKnownFileType = sourcecode.swift; path = AccessLevel.swift; sourceTree = "<group>"; };
		820933FF2A7993E200AF3FF1 /* StructToModel.swift */ = {isa = PBXFileReference; lastKnownFileType = sourcecode.swift; path = StructToModel.swift; sourceTree = "<group>"; };
		820934022A7ABB3A00AF3FF1 /* WelcomeView.swift */ = {isa = PBXFileReference; lastKnownFileType = sourcecode.swift; path = WelcomeView.swift; sourceTree = "<group>"; };
		820934042A7ABB6D00AF3FF1 /* LottieAnimationUIView.swift */ = {isa = PBXFileReference; fileEncoding = 4; lastKnownFileType = sourcecode.swift; path = LottieAnimationUIView.swift; sourceTree = "<group>"; };
		8209340A2A7AD1A800AF3FF1 /* UIScreen Extension.swift */ = {isa = PBXFileReference; lastKnownFileType = sourcecode.swift; path = "UIScreen Extension.swift"; sourceTree = "<group>"; };
		8209340C2A7ADB3700AF3FF1 /* SignupView.swift */ = {isa = PBXFileReference; lastKnownFileType = sourcecode.swift; path = SignupView.swift; sourceTree = "<group>"; };
		8209340E2A7ADB4000AF3FF1 /* LoginView.swift */ = {isa = PBXFileReference; lastKnownFileType = sourcecode.swift; path = LoginView.swift; sourceTree = "<group>"; };
		820934102A7ADC9600AF3FF1 /* OvalTextFieldStyle.swift */ = {isa = PBXFileReference; fileEncoding = 4; lastKnownFileType = sourcecode.swift; path = OvalTextFieldStyle.swift; sourceTree = "<group>"; };
		820934172A7AF35800AF3FF1 /* ViewExtension.swift */ = {isa = PBXFileReference; lastKnownFileType = sourcecode.swift; path = ViewExtension.swift; sourceTree = "<group>"; };
		821111B52A7315B600F94662 /* AuthenticationAPI.swift */ = {isa = PBXFileReference; lastKnownFileType = sourcecode.swift; path = AuthenticationAPI.swift; sourceTree = "<group>"; };
		821C125E2A77EE810050D106 /* API_Requests.swift */ = {isa = PBXFileReference; fileEncoding = 4; lastKnownFileType = sourcecode.swift; path = API_Requests.swift; sourceTree = "<group>"; };
		821C12632A77F0BD0050D106 /* LoginForm.swift */ = {isa = PBXFileReference; lastKnownFileType = sourcecode.swift; path = LoginForm.swift; sourceTree = "<group>"; };
		821C12652A77F37F0050D106 /* ApiRequestAsync.swift */ = {isa = PBXFileReference; lastKnownFileType = sourcecode.swift; path = ApiRequestAsync.swift; sourceTree = "<group>"; };
		821C12672A77F6180050D106 /* LoginResponse.swift */ = {isa = PBXFileReference; lastKnownFileType = sourcecode.swift; path = LoginResponse.swift; sourceTree = "<group>"; };
		821C12692A77F74D0050D106 /* AuthorizationProvider.swift */ = {isa = PBXFileReference; lastKnownFileType = sourcecode.swift; path = AuthorizationProvider.swift; sourceTree = "<group>"; };
		821C126B2A78081D0050D106 /* SignUpForm.swift */ = {isa = PBXFileReference; lastKnownFileType = sourcecode.swift; path = SignUpForm.swift; sourceTree = "<group>"; };
		821C126D2A780B310050D106 /* UserResponse.swift */ = {isa = PBXFileReference; lastKnownFileType = sourcecode.swift; path = UserResponse.swift; sourceTree = "<group>"; };
		821C12712A780EE40050D106 /* PasswordResetAPI.swift */ = {isa = PBXFileReference; lastKnownFileType = sourcecode.swift; path = PasswordResetAPI.swift; sourceTree = "<group>"; };
		821C12732A780F4C0050D106 /* RequestResetForm.swift */ = {isa = PBXFileReference; lastKnownFileType = sourcecode.swift; path = RequestResetForm.swift; sourceTree = "<group>"; };
		821C12752A78111C0050D106 /* ResetPasswordForm.swift */ = {isa = PBXFileReference; lastKnownFileType = sourcecode.swift; path = ResetPasswordForm.swift; sourceTree = "<group>"; };
		821C12772A7811CD0050D106 /* AdminAPI.swift */ = {isa = PBXFileReference; lastKnownFileType = sourcecode.swift; path = AdminAPI.swift; sourceTree = "<group>"; };
		821DE74C2BD9EA46001D092D /* AppDelegate.swift */ = {isa = PBXFileReference; lastKnownFileType = sourcecode.swift; path = AppDelegate.swift; sourceTree = "<group>"; };
		821DE74E2BD9EB66001D092D /* apple-app-site-association */ = {isa = PBXFileReference; lastKnownFileType = text; path = "apple-app-site-association"; sourceTree = "<group>"; };
		822FA0A42AA7798A0008FA61 /* HousesViewModel.swift */ = {isa = PBXFileReference; lastKnownFileType = sourcecode.swift; path = HousesViewModel.swift; sourceTree = "<group>"; };
		822FA0A62AA77A200008FA61 /* CirlceButtonStyle.swift */ = {isa = PBXFileReference; lastKnownFileType = sourcecode.swift; path = CirlceButtonStyle.swift; sourceTree = "<group>"; };
		822FA0A92AA77C8F0008FA61 /* HouseCell.swift */ = {isa = PBXFileReference; lastKnownFileType = sourcecode.swift; path = HouseCell.swift; sourceTree = "<group>"; };
		823FD4C82A7B52560036A1DD /* UIDeviceExtension.swift */ = {isa = PBXFileReference; fileEncoding = 4; lastKnownFileType = sourcecode.swift; path = UIDeviceExtension.swift; sourceTree = "<group>"; };
		823FD4CA2A7BE3DA0036A1DD /* AdminLoginView.swift */ = {isa = PBXFileReference; lastKnownFileType = sourcecode.swift; path = AdminLoginView.swift; sourceTree = "<group>"; };
		823FD4CF2A7BF07B0036A1DD /* LoadingView.swift */ = {isa = PBXFileReference; lastKnownFileType = sourcecode.swift; path = LoadingView.swift; sourceTree = "<group>"; };
		823FD4D12A7BFA640036A1DD /* VerificationView.swift */ = {isa = PBXFileReference; lastKnownFileType = sourcecode.swift; path = VerificationView.swift; sourceTree = "<group>"; };
		823FD4D42A7D6F2D0036A1DD /* TerritoryView.swift */ = {isa = PBXFileReference; lastKnownFileType = sourcecode.swift; path = TerritoryView.swift; sourceTree = "<group>"; };
		823FD4D62A7E78DA0036A1DD /* CellView.swift */ = {isa = PBXFileReference; lastKnownFileType = sourcecode.swift; path = CellView.swift; sourceTree = "<group>"; };
		823FD4D92A8165230036A1DD /* AccessView.swift */ = {isa = PBXFileReference; lastKnownFileType = sourcecode.swift; path = AccessView.swift; sourceTree = "<group>"; };
		823FD4DB2A8165300036A1DD /* SettingsView.swift */ = {isa = PBXFileReference; lastKnownFileType = sourcecode.swift; path = SettingsView.swift; sourceTree = "<group>"; };
		824213652A82BF0200626DD5 /* StartupState.swift */ = {isa = PBXFileReference; lastKnownFileType = sourcecode.swift; path = StartupState.swift; sourceTree = "<group>"; };
		824213682A82C4CB00626DD5 /* AuthenticationManager.swift */ = {isa = PBXFileReference; lastKnownFileType = sourcecode.swift; path = AuthenticationManager.swift; sourceTree = "<group>"; };
		8242136A2A82C5C800626DD5 /* StorageManager.swift */ = {isa = PBXFileReference; lastKnownFileType = sourcecode.swift; path = StorageManager.swift; sourceTree = "<group>"; };
		8242136C2A82CF4000626DD5 /* CustomErrors.swift */ = {isa = PBXFileReference; lastKnownFileType = sourcecode.swift; path = CustomErrors.swift; sourceTree = "<group>"; };
		8242136F2A82DAEA00626DD5 /* NoDataView.swift */ = {isa = PBXFileReference; lastKnownFileType = sourcecode.swift; path = NoDataView.swift; sourceTree = "<group>"; };
		824213712A82DB7300626DD5 /* SplashScreenView.swift */ = {isa = PBXFileReference; lastKnownFileType = sourcecode.swift; path = SplashScreenView.swift; sourceTree = "<group>"; };
		824213742A82E7D000626DD5 /* LoginViewModel.swift */ = {isa = PBXFileReference; lastKnownFileType = sourcecode.swift; path = LoginViewModel.swift; sourceTree = "<group>"; };
		824213762A8332EB00626DD5 /* CustomField.swift */ = {isa = PBXFileReference; lastKnownFileType = sourcecode.swift; path = CustomField.swift; sourceTree = "<group>"; };
		824213782A83335B00626DD5 /* CustomBackButton.swift */ = {isa = PBXFileReference; lastKnownFileType = sourcecode.swift; path = CustomBackButton.swift; sourceTree = "<group>"; };
		8242137A2A83357600626DD5 /* CustomButton.swift */ = {isa = PBXFileReference; lastKnownFileType = sourcecode.swift; path = CustomButton.swift; sourceTree = "<group>"; };
		8242137C2A84810300626DD5 /* SignupViewModel.swift */ = {isa = PBXFileReference; lastKnownFileType = sourcecode.swift; path = SignupViewModel.swift; sourceTree = "<group>"; };
		824E5CED2BC37962001DE348 /* VisitsViewModel.swift */ = {isa = PBXFileReference; lastKnownFileType = sourcecode.swift; path = VisitsViewModel.swift; sourceTree = "<group>"; };
		824E5CEF2BC43012001DE348 /* VisitCell.swift */ = {isa = PBXFileReference; lastKnownFileType = sourcecode.swift; path = VisitCell.swift; sourceTree = "<group>"; };
		824E5CF12BC57B6B001DE348 /* AccessViewModel.swift */ = {isa = PBXFileReference; lastKnownFileType = sourcecode.swift; path = AccessViewModel.swift; sourceTree = "<group>"; };
		824E5CF32BC57F73001DE348 /* TokenCell.swift */ = {isa = PBXFileReference; lastKnownFileType = sourcecode.swift; path = TokenCell.swift; sourceTree = "<group>"; };
		824E5CF52BC5ABF4001DE348 /* DatabaseManager.swift */ = {isa = PBXFileReference; lastKnownFileType = sourcecode.swift; path = DatabaseManager.swift; sourceTree = "<group>"; };
		8250B1A82A8A826800A7B70E /* TerritoryViewModel.swift */ = {isa = PBXFileReference; lastKnownFileType = sourcecode.swift; path = TerritoryViewModel.swift; sourceTree = "<group>"; };
		825645A42BCE104300F18AC9 /* HouseObject.swift */ = {isa = PBXFileReference; lastKnownFileType = sourcecode.swift; path = HouseObject.swift; sourceTree = "<group>"; };
		825645A62BCE117500F18AC9 /* TerritoryObject.swift */ = {isa = PBXFileReference; lastKnownFileType = sourcecode.swift; path = TerritoryObject.swift; sourceTree = "<group>"; };
		825645A82BCE11EE00F18AC9 /* VisitObject.swift */ = {isa = PBXFileReference; lastKnownFileType = sourcecode.swift; path = VisitObject.swift; sourceTree = "<group>"; };
		825645AA2BCE125000F18AC9 /* TokenObject.swift */ = {isa = PBXFileReference; lastKnownFileType = sourcecode.swift; path = TokenObject.swift; sourceTree = "<group>"; };
		825645AC2BCE128E00F18AC9 /* TokenTerritoryObject.swift */ = {isa = PBXFileReference; lastKnownFileType = sourcecode.swift; path = TokenTerritoryObject.swift; sourceTree = "<group>"; };
		825645AE2BCE12DA00F18AC9 /* TerritoryAddressObject.swift */ = {isa = PBXFileReference; lastKnownFileType = sourcecode.swift; path = TerritoryAddressObject.swift; sourceTree = "<group>"; };
		825645B02BCE13BD00F18AC9 /* RealmManager.swift */ = {isa = PBXFileReference; lastKnownFileType = sourcecode.swift; path = RealmManager.swift; sourceTree = "<group>"; };
		825645B22BCE283500F18AC9 /* AreEqualFuncs.swift */ = {isa = PBXFileReference; lastKnownFileType = sourcecode.swift; path = AreEqualFuncs.swift; sourceTree = "<group>"; };
		825645B42BD04E9F00F18AC9 /* AddressData.swift */ = {isa = PBXFileReference; lastKnownFileType = sourcecode.swift; path = AddressData.swift; sourceTree = "<group>"; };
		825645B62BD04FCD00F18AC9 /* AddressViewModel.swift */ = {isa = PBXFileReference; lastKnownFileType = sourcecode.swift; path = AddressViewModel.swift; sourceTree = "<group>"; };
		826B766A2A729FDE000A4BAA /* Service Maps 2.0.app */ = {isa = PBXFileReference; explicitFileType = wrapper.application; includeInIndex = 0; path = "Service Maps 2.0.app"; sourceTree = BUILT_PRODUCTS_DIR; };
		826B766D2A729FDE000A4BAA /* Service_Maps_2_0App.swift */ = {isa = PBXFileReference; lastKnownFileType = sourcecode.swift; path = Service_Maps_2_0App.swift; sourceTree = "<group>"; };
		826B766F2A729FDE000A4BAA /* HomeTabView.swift */ = {isa = PBXFileReference; lastKnownFileType = sourcecode.swift; path = HomeTabView.swift; sourceTree = "<group>"; };
		826B76712A729FE1000A4BAA /* Assets.xcassets */ = {isa = PBXFileReference; lastKnownFileType = folder.assetcatalog; path = Assets.xcassets; sourceTree = "<group>"; };
		826B76742A729FE1000A4BAA /* Preview Assets.xcassets */ = {isa = PBXFileReference; lastKnownFileType = folder.assetcatalog; path = "Preview Assets.xcassets"; sourceTree = "<group>"; };
		826B76762A729FE1000A4BAA /* NSManagedObjectExtension.swift */ = {isa = PBXFileReference; lastKnownFileType = sourcecode.swift; path = NSManagedObjectExtension.swift; sourceTree = "<group>"; };
		826B76812A729FF6000A4BAA /* Service_Maps.xcdatamodel */ = {isa = PBXFileReference; lastKnownFileType = wrapper.xcdatamodel; path = Service_Maps.xcdatamodel; sourceTree = "<group>"; };
		827E35C52BE4453200FC0C64 /* HouseSortPredicate.swift */ = {isa = PBXFileReference; lastKnownFileType = sourcecode.swift; path = HouseSortPredicate.swift; sourceTree = "<group>"; };
		827EF1A12AA7B7E3006C4631 /* VisitsView.swift */ = {isa = PBXFileReference; lastKnownFileType = sourcecode.swift; path = VisitsView.swift; sourceTree = "<group>"; };
		827EF1A32AA7C2F0006C4631 /* DateFormat.swift */ = {isa = PBXFileReference; lastKnownFileType = sourcecode.swift; path = DateFormat.swift; sourceTree = "<group>"; };
		827EF1A52AA8C628006C4631 /* ModelExtensions.swift */ = {isa = PBXFileReference; lastKnownFileType = sourcecode.swift; path = ModelExtensions.swift; sourceTree = "<group>"; };
		827EF1A72AA8C644006C4631 /* TerritoryData.swift */ = {isa = PBXFileReference; lastKnownFileType = sourcecode.swift; path = TerritoryData.swift; sourceTree = "<group>"; };
		827EF1A92AA8D0CD006C4631 /* NavigationAnimation.swift */ = {isa = PBXFileReference; lastKnownFileType = sourcecode.swift; path = NavigationAnimation.swift; sourceTree = "<group>"; };
		8288001C2AA65DE800725826 /* Service-Maps-2-0-Info.plist */ = {isa = PBXFileReference; lastKnownFileType = text.plist; path = "Service-Maps-2-0-Info.plist"; sourceTree = SOURCE_ROOT; };
		8288001D2AA6621D00725826 /* ReuploaderWorker.swift */ = {isa = PBXFileReference; lastKnownFileType = sourcecode.swift; path = ReuploaderWorker.swift; sourceTree = "<group>"; };
		8288001F2AA68BAA00725826 /* CDPublisher.swift */ = {isa = PBXFileReference; lastKnownFileType = sourcecode.swift; path = CDPublisher.swift; sourceTree = "<group>"; };
		82916C162A990955005133DE /* ImagePickerView.swift */ = {isa = PBXFileReference; lastKnownFileType = sourcecode.swift; path = ImagePickerView.swift; sourceTree = "<group>"; };
		82916C182A994298005133DE /* AddVisitView.swift */ = {isa = PBXFileReference; lastKnownFileType = sourcecode.swift; path = AddVisitView.swift; sourceTree = "<group>"; };
		82916C1A2A994387005133DE /* AddVisitViewModel.swift */ = {isa = PBXFileReference; lastKnownFileType = sourcecode.swift; path = AddVisitViewModel.swift; sourceTree = "<group>"; };
		82916C1C2A9944B3005133DE /* Symbols.swift */ = {isa = PBXFileReference; lastKnownFileType = sourcecode.swift; path = Symbols.swift; sourceTree = "<group>"; };
		82A399C42BBEFAD200ECA5E6 /* AddHouseViewModel.swift */ = {isa = PBXFileReference; lastKnownFileType = sourcecode.swift; path = AddHouseViewModel.swift; sourceTree = "<group>"; };
		82A5B4582BD1A48500F52F2F /* TerritoryDataWithKeys.swift */ = {isa = PBXFileReference; lastKnownFileType = sourcecode.swift; path = TerritoryDataWithKeys.swift; sourceTree = "<group>"; };
		82A5B45A2BD2F64800F52F2F /* AddAddressView.swift */ = {isa = PBXFileReference; lastKnownFileType = sourcecode.swift; path = AddAddressView.swift; sourceTree = "<group>"; };
		82A5B45C2BD2F65E00F52F2F /* AddAddressViewModel.swift */ = {isa = PBXFileReference; lastKnownFileType = sourcecode.swift; path = AddAddressViewModel.swift; sourceTree = "<group>"; };
		82A5B4612BD5B31600F52F2F /* HouseData.swift */ = {isa = PBXFileReference; lastKnownFileType = sourcecode.swift; path = HouseData.swift; sourceTree = "<group>"; };
		82A5B4632BD5B9D700F52F2F /* VisitData.swift */ = {isa = PBXFileReference; lastKnownFileType = sourcecode.swift; path = VisitData.swift; sourceTree = "<group>"; };
		82A5B4652BD6C41D00F52F2F /* KeyData.swift */ = {isa = PBXFileReference; lastKnownFileType = sourcecode.swift; path = KeyData.swift; sourceTree = "<group>"; };
		82A5B4672BD815A200F52F2F /* AddKeyViewModel.swift */ = {isa = PBXFileReference; lastKnownFileType = sourcecode.swift; path = AddKeyViewModel.swift; sourceTree = "<group>"; };
		82A5B4692BD820BB00F52F2F /* AddKeyView.swift */ = {isa = PBXFileReference; lastKnownFileType = sourcecode.swift; path = AddKeyView.swift; sourceTree = "<group>"; };
		82A5B46B2BD94BE900F52F2F /* SettingsViewModel.swift */ = {isa = PBXFileReference; lastKnownFileType = sourcecode.swift; path = SettingsViewModel.swift; sourceTree = "<group>"; };
		82A967B62AAABE890043946F /* RoundedCornerExtension.swift */ = {isa = PBXFileReference; fileEncoding = 4; lastKnownFileType = sourcecode.swift; path = RoundedCornerExtension.swift; sourceTree = "<group>"; };
		82BC0F1A2A9BEFCB00B255BF /* TerritoryAddressModel.swift */ = {isa = PBXFileReference; lastKnownFileType = sourcecode.swift; path = TerritoryAddressModel.swift; sourceTree = "<group>"; };
		82BC0F1C2A9BF53900B255BF /* DataUploaderManager.swift */ = {isa = PBXFileReference; lastKnownFileType = sourcecode.swift; path = DataUploaderManager.swift; sourceTree = "<group>"; };
		82BC0F1E2A9BF55B00B255BF /* AuthorizationLevelManager.swift */ = {isa = PBXFileReference; lastKnownFileType = sourcecode.swift; path = AuthorizationLevelManager.swift; sourceTree = "<group>"; };
		82BC0F202A9C249300B255BF /* ChangeAction.swift */ = {isa = PBXFileReference; lastKnownFileType = sourcecode.swift; path = ChangeAction.swift; sourceTree = "<group>"; };
		82BC0F222A9C24AC00B255BF /* ChangeType.swift */ = {isa = PBXFileReference; lastKnownFileType = sourcecode.swift; path = ChangeType.swift; sourceTree = "<group>"; };
		82BC0F242A9C2C1D00B255BF /* PendingChange.swift */ = {isa = PBXFileReference; lastKnownFileType = sourcecode.swift; path = PendingChange.swift; sourceTree = "<group>"; };
		82BC0F262A9CD94500B255BF /* AddHouseView.swift */ = {isa = PBXFileReference; lastKnownFileType = sourcecode.swift; path = AddHouseView.swift; sourceTree = "<group>"; };
		82C11AAC2AA35FC8007CDFFA /* TerritoryAddressView.swift */ = {isa = PBXFileReference; lastKnownFileType = sourcecode.swift; path = TerritoryAddressView.swift; sourceTree = "<group>"; };
		82D526042A9290EE00B42916 /* AddTerritoryView.swift */ = {isa = PBXFileReference; lastKnownFileType = sourcecode.swift; path = AddTerritoryView.swift; sourceTree = "<group>"; };
		82D526062A9292B100B42916 /* AddTerritoryViewModel.swift */ = {isa = PBXFileReference; lastKnownFileType = sourcecode.swift; path = AddTerritoryViewModel.swift; sourceTree = "<group>"; };
		82DAEEDD2AAF597100465DA5 /* HomeView.swift */ = {isa = PBXFileReference; lastKnownFileType = sourcecode.swift; path = HomeView.swift; sourceTree = "<group>"; };
		82DBEA992A880B9E002048DC /* ResetPassword.swift */ = {isa = PBXFileReference; lastKnownFileType = sourcecode.swift; path = ResetPassword.swift; sourceTree = "<group>"; };
		82EC3E922A9CFF68000E2926 /* HousesView.swift */ = {isa = PBXFileReference; lastKnownFileType = sourcecode.swift; path = HousesView.swift; sourceTree = "<group>"; };
		82F288862A86C21100930849 /* VerificationViewModel.swift */ = {isa = PBXFileReference; lastKnownFileType = sourcecode.swift; path = VerificationViewModel.swift; sourceTree = "<group>"; };
		82F75C0F2BDB3DE5002CCAB0 /* PrivacyPolicy.swift */ = {isa = PBXFileReference; lastKnownFileType = sourcecode.swift; path = PrivacyPolicy.swift; sourceTree = "<group>"; };
		82F75C112BDC01AA002CCAB0 /* RegisterKeyView.swift */ = {isa = PBXFileReference; lastKnownFileType = sourcecode.swift; path = RegisterKeyView.swift; sourceTree = "<group>"; };
		82F75C132BDC98B7002CCAB0 /* Localizable.xcstrings */ = {isa = PBXFileReference; lastKnownFileType = text.json.xcstrings; path = Localizable.xcstrings; sourceTree = "<group>"; };
		82F75C152BE132D3002CCAB0 /* AllPhoneDataResponse.swift */ = {isa = PBXFileReference; lastKnownFileType = sourcecode.swift; path = AllPhoneDataResponse.swift; sourceTree = "<group>"; };
		82F75C172BE1333E002CCAB0 /* PhoneTerritoryModel.swift */ = {isa = PBXFileReference; lastKnownFileType = sourcecode.swift; path = PhoneTerritoryModel.swift; sourceTree = "<group>"; };
		82F75C192BE1343A002CCAB0 /* PhoneNumberModel.swift */ = {isa = PBXFileReference; lastKnownFileType = sourcecode.swift; path = PhoneNumberModel.swift; sourceTree = "<group>"; };
		82F75C1B2BE134D3002CCAB0 /* PhoneCallModel.swift */ = {isa = PBXFileReference; lastKnownFileType = sourcecode.swift; path = PhoneCallModel.swift; sourceTree = "<group>"; };
		82F75C1D2BE13710002CCAB0 /* PhoneTerritoryObject.swift */ = {isa = PBXFileReference; lastKnownFileType = sourcecode.swift; path = PhoneTerritoryObject.swift; sourceTree = "<group>"; };
		82F75C1F2BE13885002CCAB0 /* PhoneNumberObject.swift */ = {isa = PBXFileReference; lastKnownFileType = sourcecode.swift; path = PhoneNumberObject.swift; sourceTree = "<group>"; };
		82F75C212BE138FC002CCAB0 /* PhoneCallObject.swift */ = {isa = PBXFileReference; lastKnownFileType = sourcecode.swift; path = PhoneCallObject.swift; sourceTree = "<group>"; };
		82F75C232BE1552D002CCAB0 /* PhoneLoginScreen.swift */ = {isa = PBXFileReference; lastKnownFileType = sourcecode.swift; path = PhoneLoginScreen.swift; sourceTree = "<group>"; };
		82F75C252BE15A2E002CCAB0 /* PhoneTerritoriesScreen.swift */ = {isa = PBXFileReference; lastKnownFileType = sourcecode.swift; path = PhoneTerritoriesScreen.swift; sourceTree = "<group>"; };
		82F75C272BE15E5D002CCAB0 /* PhoneData.swift */ = {isa = PBXFileReference; lastKnownFileType = sourcecode.swift; path = PhoneData.swift; sourceTree = "<group>"; };
		82F75C292BE15F04002CCAB0 /* PhoneScreenViewModel.swift */ = {isa = PBXFileReference; lastKnownFileType = sourcecode.swift; path = PhoneScreenViewModel.swift; sourceTree = "<group>"; };
		82F75C2B2BE160F5002CCAB0 /* AddPhoneTerritoryView.swift */ = {isa = PBXFileReference; lastKnownFileType = sourcecode.swift; path = AddPhoneTerritoryView.swift; sourceTree = "<group>"; };
		82F75C2D2BE27698002CCAB0 /* PhoneNumbersData.swift */ = {isa = PBXFileReference; lastKnownFileType = sourcecode.swift; path = PhoneNumbersData.swift; sourceTree = "<group>"; };
		82F75C2F2BE27919002CCAB0 /* PhoneCallData.swift */ = {isa = PBXFileReference; lastKnownFileType = sourcecode.swift; path = PhoneCallData.swift; sourceTree = "<group>"; };
		82F75C332BE29886002CCAB0 /* PhoneNumbersView.swift */ = {isa = PBXFileReference; lastKnownFileType = sourcecode.swift; path = PhoneNumbersView.swift; sourceTree = "<group>"; };
		82F75C352BE2A5C8002CCAB0 /* AddPhoneNumberScreen.swift */ = {isa = PBXFileReference; lastKnownFileType = sourcecode.swift; path = AddPhoneNumberScreen.swift; sourceTree = "<group>"; };
		82F75C372BE2D1A8002CCAB0 /* CallsView.swift */ = {isa = PBXFileReference; lastKnownFileType = sourcecode.swift; path = CallsView.swift; sourceTree = "<group>"; };
		82F75C392BE2D1BA002CCAB0 /* CallsViewModel.swift */ = {isa = PBXFileReference; lastKnownFileType = sourcecode.swift; path = CallsViewModel.swift; sourceTree = "<group>"; };
		82F75C3B2BE2D6D7002CCAB0 /* AddCallView.swift */ = {isa = PBXFileReference; lastKnownFileType = sourcecode.swift; path = AddCallView.swift; sourceTree = "<group>"; };
		82F75C3D2BE2D6E3002CCAB0 /* AddCallViewModel.swift */ = {isa = PBXFileReference; lastKnownFileType = sourcecode.swift; path = AddCallViewModel.swift; sourceTree = "<group>"; };
		82F913052BD9EF8A00644A67 /* Service Maps 2.0.entitlements */ = {isa = PBXFileReference; lastKnownFileType = text.plist.entitlements; path = "Service Maps 2.0.entitlements"; sourceTree = "<group>"; };
		82F913062BDAA01F00644A67 /* UniversalLinksManager.swift */ = {isa = PBXFileReference; lastKnownFileType = sourcecode.swift; path = UniversalLinksManager.swift; sourceTree = "<group>"; };
		82F913082BDAB27F00644A67 /* LinkScreens.swift */ = {isa = PBXFileReference; lastKnownFileType = sourcecode.swift; path = LinkScreens.swift; sourceTree = "<group>"; };
		82F9130B2BDAE7D000644A67 /* ValidationView.swift */ = {isa = PBXFileReference; lastKnownFileType = sourcecode.swift; path = ValidationView.swift; sourceTree = "<group>"; };
/* End PBXFileReference section */

/* Begin PBXFrameworksBuildPhase section */
		826B76672A729FDE000A4BAA /* Frameworks */ = {
			isa = PBXFrameworksBuildPhase;
			buildActionMask = 2147483647;
			files = (
				822FA0972AA6B6650008FA61 /* SwipeActions in Frameworks */,
				822FA0742AA6B61C0008FA61 /* Lottie in Frameworks */,
				82A5B4602BD482EB00F52F2F /* AlertKit in Frameworks */,
				825645A22BCE0FC000F18AC9 /* RealmSwift in Frameworks */,
				821F090F2AA965FE00D6B6E6 /* GRDBQuery in Frameworks */,
				822FA0772AA6B6230008FA61 /* Alamofire in Frameworks */,
				822FA0A32AA6B7C00008FA61 /* PopupView in Frameworks */,
				822FA0A02AA6B7800008FA61 /* NavigationTransitions in Frameworks */,
				822FA0862AA6B6440008FA61 /* ActivityIndicatorView in Frameworks */,
				822FA0832AA6B6320008FA61 /* NukeVideo in Frameworks */,
				822FA07A2AA6B62B0008FA61 /* ScalingHeaderScrollView in Frameworks */,
				822FA0812AA6B6320008FA61 /* NukeUI in Frameworks */,
				822FA07D2AA6B6320008FA61 /* Nuke in Frameworks */,
				825645A02BCE0FC000F18AC9 /* Realm in Frameworks */,
				82F769002BE92FA2001FA3CF /* FloatingButton in Frameworks */,
				822FA07F2AA6B6320008FA61 /* NukeExtensions in Frameworks */,
			);
			runOnlyForDeploymentPostprocessing = 0;
		};
/* End PBXFrameworksBuildPhase section */

/* Begin PBXGroup section */
		820933E52A78505100AF3FF1 /* Structs */ = {
			isa = PBXGroup;
			children = (
				820933E62A78506100AF3FF1 /* HouseModel.swift */,
				820933E82A7852B400AF3FF1 /* TerritoryModel.swift */,
				820933EA2A7852FD00AF3FF1 /* VisitModel.swift */,
				820933F02A785D7F00AF3FF1 /* MyTokenModel.swift */,
				820933F22A785DD500AF3FF1 /* TokenTerritory.swift */,
				82BC0F1A2A9BEFCB00B255BF /* TerritoryAddressModel.swift */,
				82BC0F242A9C2C1D00B255BF /* PendingChange.swift */,
				82F75C172BE1333E002CCAB0 /* PhoneTerritoryModel.swift */,
				82F75C192BE1343A002CCAB0 /* PhoneNumberModel.swift */,
				82F75C1B2BE134D3002CCAB0 /* PhoneCallModel.swift */,
				827EF1A72AA8C644006C4631 /* TerritoryData.swift */,
				82A5B4582BD1A48500F52F2F /* TerritoryDataWithKeys.swift */,
				825645B42BD04E9F00F18AC9 /* AddressData.swift */,
				82A5B4612BD5B31600F52F2F /* HouseData.swift */,
				82A5B4632BD5B9D700F52F2F /* VisitData.swift */,
				82A5B4652BD6C41D00F52F2F /* KeyData.swift */,
				82F75C272BE15E5D002CCAB0 /* PhoneData.swift */,
				82F75C2D2BE27698002CCAB0 /* PhoneNumbersData.swift */,
				82F75C2F2BE27919002CCAB0 /* PhoneCallData.swift */,
			);
			path = Structs;
			sourceTree = "<group>";
		};
		820933F82A78687B00AF3FF1 /* Other */ = {
			isa = PBXGroup;
			children = (
				821C125E2A77EE810050D106 /* API_Requests.swift */,
			);
			path = Other;
			sourceTree = "<group>";
		};
		820933F92A794BAD00AF3FF1 /* Helpers */ = {
			isa = PBXGroup;
			children = (
				821C12692A77F74D0050D106 /* AuthorizationProvider.swift */,
				820933FF2A7993E200AF3FF1 /* StructToModel.swift */,
				8209340A2A7AD1A800AF3FF1 /* UIScreen Extension.swift */,
				820934102A7ADC9600AF3FF1 /* OvalTextFieldStyle.swift */,
				820934172A7AF35800AF3FF1 /* ViewExtension.swift */,
				823FD4C82A7B52560036A1DD /* UIDeviceExtension.swift */,
				827EF1A32AA7C2F0006C4631 /* DateFormat.swift */,
				827EF1A92AA8D0CD006C4631 /* NavigationAnimation.swift */,
				82A967B62AAABE890043946F /* RoundedCornerExtension.swift */,
				825645B22BCE283500F18AC9 /* AreEqualFuncs.swift */,
			);
			path = Helpers;
			sourceTree = "<group>";
		};
		820933FC2A795FC900AF3FF1 /* Enums */ = {
			isa = PBXGroup;
			children = (
				820933FD2A795FDD00AF3FF1 /* AccessLevel.swift */,
				824213652A82BF0200626DD5 /* StartupState.swift */,
				8242136C2A82CF4000626DD5 /* CustomErrors.swift */,
				82916C1C2A9944B3005133DE /* Symbols.swift */,
				82BC0F202A9C249300B255BF /* ChangeAction.swift */,
				82BC0F222A9C24AC00B255BF /* ChangeType.swift */,
				82F913082BDAB27F00644A67 /* LinkScreens.swift */,
				827E35C52BE4453200FC0C64 /* HouseSortPredicate.swift */,
			);
			path = Enums;
			sourceTree = "<group>";
		};
		820934012A7AB9D300AF3FF1 /* Views */ = {
			isa = PBXGroup;
			children = (
				823FD4D32A7D40E30036A1DD /* Authentication */,
				823FD4D82A81632B0036A1DD /* Home */,
				82F9130A2BDAE79100644A67 /* LinkViews */,
				8242136E2A82DACC00626DD5 /* Others */,
				82D526032A9290D800B42916 /* Add_Edit */,
				822FA0A82AA77A490008FA61 /* CellViews */,
			);
			path = Views;
			sourceTree = "<group>";
		};
		820934062A7ABB7600AF3FF1 /* Subviews */ = {
			isa = PBXGroup;
			children = (
				823FD4CF2A7BF07B0036A1DD /* LoadingView.swift */,
				820934042A7ABB6D00AF3FF1 /* LottieAnimationUIView.swift */,
				824213762A8332EB00626DD5 /* CustomField.swift */,
				824213782A83335B00626DD5 /* CustomBackButton.swift */,
				8242137A2A83357600626DD5 /* CustomButton.swift */,
				82916C162A990955005133DE /* ImagePickerView.swift */,
				822FA0A62AA77A200008FA61 /* CirlceButtonStyle.swift */,
			);
			path = Subviews;
			sourceTree = "<group>";
		};
		821111B42A73159400F94662 /* CoreData */ = {
			isa = PBXGroup;
			children = (
				826B76762A729FE1000A4BAA /* NSManagedObjectExtension.swift */,
				826B76802A729FF6000A4BAA /* Service_Maps.xcdatamodeld */,
				827EF1A52AA8C628006C4631 /* ModelExtensions.swift */,
				824E5CF52BC5ABF4001DE348 /* DatabaseManager.swift */,
				825645B02BCE13BD00F18AC9 /* RealmManager.swift */,
			);
			path = CoreData;
			sourceTree = "<group>";
		};
		821C12602A77EEA80050D106 /* API */ = {
			isa = PBXGroup;
			children = (
				821C12652A77F37F0050D106 /* ApiRequestAsync.swift */,
				821C126F2A780E9F0050D106 /* Controllers */,
				821C12612A77F0A00050D106 /* APIStructs */,
				820933F82A78687B00AF3FF1 /* Other */,
			);
			path = API;
			sourceTree = "<group>";
		};
		821C12612A77F0A00050D106 /* APIStructs */ = {
			isa = PBXGroup;
			children = (
				821C12632A77F0BD0050D106 /* LoginForm.swift */,
				821C12672A77F6180050D106 /* LoginResponse.swift */,
				821C126B2A78081D0050D106 /* SignUpForm.swift */,
				821C126D2A780B310050D106 /* UserResponse.swift */,
				821C12732A780F4C0050D106 /* RequestResetForm.swift */,
				821C12752A78111C0050D106 /* ResetPasswordForm.swift */,
				820933DF2A78427E00AF3FF1 /* CongregationSignInForm.swift */,
				820933E12A78444800AF3FF1 /* CongregationResponse.swift */,
				820933E32A784C3300AF3FF1 /* AllDataResponse.swift */,
				820933F42A78608C00AF3FF1 /* NewTokenForm.swift */,
				820933F62A78631500AF3FF1 /* DeleteTokenForm.swift */,
				82F75C152BE132D3002CCAB0 /* AllPhoneDataResponse.swift */,
			);
			path = APIStructs;
			sourceTree = "<group>";
		};
		821C126F2A780E9F0050D106 /* Controllers */ = {
			isa = PBXGroup;
			children = (
				821111B52A7315B600F94662 /* AuthenticationAPI.swift */,
				821C12712A780EE40050D106 /* PasswordResetAPI.swift */,
				820933DD2A78425F00AF3FF1 /* CongregationAPI.swift */,
				821C12772A7811CD0050D106 /* AdminAPI.swift */,
				820933EC2A785A9400AF3FF1 /* UserAPI.swift */,
				820933EE2A785B5800AF3FF1 /* TokenAPI.swift */,
			);
			path = Controllers;
			sourceTree = "<group>";
		};
		822FA0A82AA77A490008FA61 /* CellViews */ = {
			isa = PBXGroup;
			children = (
				823FD4D62A7E78DA0036A1DD /* CellView.swift */,
				822FA0A92AA77C8F0008FA61 /* HouseCell.swift */,
				824E5CEF2BC43012001DE348 /* VisitCell.swift */,
				824E5CF32BC57F73001DE348 /* TokenCell.swift */,
			);
			path = CellViews;
			sourceTree = "<group>";
		};
		823FD4D32A7D40E30036A1DD /* Authentication */ = {
			isa = PBXGroup;
			children = (
				820934022A7ABB3A00AF3FF1 /* WelcomeView.swift */,
				8209340C2A7ADB3700AF3FF1 /* SignupView.swift */,
				823FD4D12A7BFA640036A1DD /* VerificationView.swift */,
				8209340E2A7ADB4000AF3FF1 /* LoginView.swift */,
				823FD4CA2A7BE3DA0036A1DD /* AdminLoginView.swift */,
				82F75C232BE1552D002CCAB0 /* PhoneLoginScreen.swift */,
			);
			path = Authentication;
			sourceTree = "<group>";
		};
		823FD4D82A81632B0036A1DD /* Home */ = {
			isa = PBXGroup;
			children = (
				82DAEEDC2AAF596100465DA5 /* New Group */,
				826B766F2A729FDE000A4BAA /* HomeTabView.swift */,
				823FD4D42A7D6F2D0036A1DD /* TerritoryView.swift */,
				82C11AAC2AA35FC8007CDFFA /* TerritoryAddressView.swift */,
				82EC3E922A9CFF68000E2926 /* HousesView.swift */,
				827EF1A12AA7B7E3006C4631 /* VisitsView.swift */,
				823FD4D92A8165230036A1DD /* AccessView.swift */,
				823FD4DB2A8165300036A1DD /* SettingsView.swift */,
				82F75C252BE15A2E002CCAB0 /* PhoneTerritoriesScreen.swift */,
				82F75C332BE29886002CCAB0 /* PhoneNumbersView.swift */,
				82F75C372BE2D1A8002CCAB0 /* CallsView.swift */,
			);
			path = Home;
			sourceTree = "<group>";
		};
		824213672A82C4A300626DD5 /* Managers */ = {
			isa = PBXGroup;
			children = (
				820933FA2A794D0C00AF3FF1 /* SynchronizationManager.swift */,
				824213682A82C4CB00626DD5 /* AuthenticationManager.swift */,
				8242136A2A82C5C800626DD5 /* StorageManager.swift */,
				82BC0F1C2A9BF53900B255BF /* DataUploaderManager.swift */,
				82BC0F1E2A9BF55B00B255BF /* AuthorizationLevelManager.swift */,
				8288001D2AA6621D00725826 /* ReuploaderWorker.swift */,
				8288001F2AA68BAA00725826 /* CDPublisher.swift */,
				82F913062BDAA01F00644A67 /* UniversalLinksManager.swift */,
			);
			path = Managers;
			sourceTree = "<group>";
		};
		8242136E2A82DACC00626DD5 /* Others */ = {
			isa = PBXGroup;
			children = (
				8242136F2A82DAEA00626DD5 /* NoDataView.swift */,
				824213712A82DB7300626DD5 /* SplashScreenView.swift */,
			);
			path = Others;
			sourceTree = "<group>";
		};
		824213732A82E7BB00626DD5 /* ViewModels */ = {
			isa = PBXGroup;
			children = (
				824213742A82E7D000626DD5 /* LoginViewModel.swift */,
				8242137C2A84810300626DD5 /* SignupViewModel.swift */,
				82F288862A86C21100930849 /* VerificationViewModel.swift */,
				8250B1A82A8A826800A7B70E /* TerritoryViewModel.swift */,
				825645B62BD04FCD00F18AC9 /* AddressViewModel.swift */,
				822FA0A42AA7798A0008FA61 /* HousesViewModel.swift */,
				824E5CED2BC37962001DE348 /* VisitsViewModel.swift */,
				824E5CF12BC57B6B001DE348 /* AccessViewModel.swift */,
				82D526062A9292B100B42916 /* AddTerritoryViewModel.swift */,
				82A5B45C2BD2F65E00F52F2F /* AddAddressViewModel.swift */,
				82A399C42BBEFAD200ECA5E6 /* AddHouseViewModel.swift */,
				82916C1A2A994387005133DE /* AddVisitViewModel.swift */,
				82A5B4672BD815A200F52F2F /* AddKeyViewModel.swift */,
				82A5B46B2BD94BE900F52F2F /* SettingsViewModel.swift */,
				82F75C292BE15F04002CCAB0 /* PhoneScreenViewModel.swift */,
				82F75C392BE2D1BA002CCAB0 /* CallsViewModel.swift */,
				82F75C3D2BE2D6E3002CCAB0 /* AddCallViewModel.swift */,
			);
			path = ViewModels;
			sourceTree = "<group>";
		};
		825645A32BCE0FE500F18AC9 /* RealmObjects */ = {
			isa = PBXGroup;
			children = (
				825645A42BCE104300F18AC9 /* HouseObject.swift */,
				825645A62BCE117500F18AC9 /* TerritoryObject.swift */,
				825645A82BCE11EE00F18AC9 /* VisitObject.swift */,
				825645AA2BCE125000F18AC9 /* TokenObject.swift */,
				825645AC2BCE128E00F18AC9 /* TokenTerritoryObject.swift */,
				825645AE2BCE12DA00F18AC9 /* TerritoryAddressObject.swift */,
				82F75C1D2BE13710002CCAB0 /* PhoneTerritoryObject.swift */,
				82F75C1F2BE13885002CCAB0 /* PhoneNumberObject.swift */,
				82F75C212BE138FC002CCAB0 /* PhoneCallObject.swift */,
			);
			path = RealmObjects;
			sourceTree = "<group>";
		};
		826B76612A729FDE000A4BAA = {
			isa = PBXGroup;
			children = (
				826B766C2A729FDE000A4BAA /* Service Maps 2.0 */,
				826B766B2A729FDE000A4BAA /* Products */,
			);
			sourceTree = "<group>";
		};
		826B766B2A729FDE000A4BAA /* Products */ = {
			isa = PBXGroup;
			children = (
				826B766A2A729FDE000A4BAA /* Service Maps 2.0.app */,
			);
			name = Products;
			sourceTree = "<group>";
		};
		826B766C2A729FDE000A4BAA /* Service Maps 2.0 */ = {
			isa = PBXGroup;
			children = (
				82F75C132BDC98B7002CCAB0 /* Localizable.xcstrings */,
				82F913052BD9EF8A00644A67 /* Service Maps 2.0.entitlements */,
				8288001C2AA65DE800725826 /* Service-Maps-2-0-Info.plist */,
				821DE74E2BD9EB66001D092D /* apple-app-site-association */,
				826B766D2A729FDE000A4BAA /* Service_Maps_2_0App.swift */,
				821DE74C2BD9EA46001D092D /* AppDelegate.swift */,
				820934012A7AB9D300AF3FF1 /* Views */,
				824213732A82E7BB00626DD5 /* ViewModels */,
				820934062A7ABB7600AF3FF1 /* Subviews */,
				820933F92A794BAD00AF3FF1 /* Helpers */,
				824213672A82C4A300626DD5 /* Managers */,
				821C12602A77EEA80050D106 /* API */,
				825645A32BCE0FE500F18AC9 /* RealmObjects */,
				820933E52A78505100AF3FF1 /* Structs */,
				820933FC2A795FC900AF3FF1 /* Enums */,
				821111B42A73159400F94662 /* CoreData */,
				826B76712A729FE1000A4BAA /* Assets.xcassets */,
				826B76732A729FE1000A4BAA /* Preview Content */,
			);
			path = "Service Maps 2.0";
			sourceTree = "<group>";
		};
		826B76732A729FE1000A4BAA /* Preview Content */ = {
			isa = PBXGroup;
			children = (
				826B76742A729FE1000A4BAA /* Preview Assets.xcassets */,
			);
			path = "Preview Content";
			sourceTree = "<group>";
		};
		82D526032A9290D800B42916 /* Add_Edit */ = {
			isa = PBXGroup;
			children = (
				82D526042A9290EE00B42916 /* AddTerritoryView.swift */,
				82916C182A994298005133DE /* AddVisitView.swift */,
				82BC0F262A9CD94500B255BF /* AddHouseView.swift */,
				82A5B45A2BD2F64800F52F2F /* AddAddressView.swift */,
				82A5B4692BD820BB00F52F2F /* AddKeyView.swift */,
				82F75C2B2BE160F5002CCAB0 /* AddPhoneTerritoryView.swift */,
				82F75C352BE2A5C8002CCAB0 /* AddPhoneNumberScreen.swift */,
				82F75C3B2BE2D6D7002CCAB0 /* AddCallView.swift */,
			);
			path = Add_Edit;
			sourceTree = "<group>";
		};
		82DAEEDC2AAF596100465DA5 /* New Group */ = {
			isa = PBXGroup;
			children = (
				82DAEEDD2AAF597100465DA5 /* HomeView.swift */,
			);
			path = "New Group";
			sourceTree = "<group>";
		};
		82F9130A2BDAE79100644A67 /* LinkViews */ = {
			isa = PBXGroup;
			children = (
				82F9130B2BDAE7D000644A67 /* ValidationView.swift */,
				82DBEA992A880B9E002048DC /* ResetPassword.swift */,
				82F75C0F2BDB3DE5002CCAB0 /* PrivacyPolicy.swift */,
				82F75C112BDC01AA002CCAB0 /* RegisterKeyView.swift */,
			);
			path = LinkViews;
			sourceTree = "<group>";
		};
/* End PBXGroup section */

/* Begin PBXNativeTarget section */
		826B76692A729FDE000A4BAA /* Service Maps 2.0 */ = {
			isa = PBXNativeTarget;
			buildConfigurationList = 826B767D2A729FE1000A4BAA /* Build configuration list for PBXNativeTarget "Service Maps 2.0" */;
			buildPhases = (
				826B76662A729FDE000A4BAA /* Sources */,
				826B76672A729FDE000A4BAA /* Frameworks */,
				826B76682A729FDE000A4BAA /* Resources */,
			);
			buildRules = (
			);
			dependencies = (
			);
			name = "Service Maps 2.0";
			packageProductDependencies = (
				822FA0732AA6B61C0008FA61 /* Lottie */,
				822FA0762AA6B6230008FA61 /* Alamofire */,
				822FA0792AA6B62B0008FA61 /* ScalingHeaderScrollView */,
				822FA07C2AA6B6320008FA61 /* Nuke */,
				822FA07E2AA6B6320008FA61 /* NukeExtensions */,
				822FA0802AA6B6320008FA61 /* NukeUI */,
				822FA0822AA6B6320008FA61 /* NukeVideo */,
				822FA0852AA6B6440008FA61 /* ActivityIndicatorView */,
				822FA0962AA6B6650008FA61 /* SwipeActions */,
				822FA09F2AA6B7800008FA61 /* NavigationTransitions */,
				822FA0A22AA6B7C00008FA61 /* PopupView */,
				821F090E2AA965FE00D6B6E6 /* GRDBQuery */,
				8256459F2BCE0FC000F18AC9 /* Realm */,
				825645A12BCE0FC000F18AC9 /* RealmSwift */,
				82A5B45F2BD482EB00F52F2F /* AlertKit */,
				82F768FF2BE92FA2001FA3CF /* FloatingButton */,
			);
			productName = "Service Maps 2.0";
			productReference = 826B766A2A729FDE000A4BAA /* Service Maps 2.0.app */;
			productType = "com.apple.product-type.application";
		};
/* End PBXNativeTarget section */

/* Begin PBXProject section */
		826B76622A729FDE000A4BAA /* Project object */ = {
			isa = PBXProject;
			attributes = {
				BuildIndependentTargetsInParallel = 1;
				LastSwiftUpdateCheck = 1500;
				LastUpgradeCheck = 1530;
				TargetAttributes = {
					826B76692A729FDE000A4BAA = {
						CreatedOnToolsVersion = 15.0;
					};
				};
			};
			buildConfigurationList = 826B76652A729FDE000A4BAA /* Build configuration list for PBXProject "Service Maps 2.0" */;
			compatibilityVersion = "Xcode 14.0";
			developmentRegion = en;
			hasScannedForEncodings = 0;
			knownRegions = (
				en,
				Base,
				fr,
				es,
			);
			mainGroup = 826B76612A729FDE000A4BAA;
			packageReferences = (
				822FA0722AA6B61C0008FA61 /* XCRemoteSwiftPackageReference "lottie-ios" */,
				822FA0752AA6B6230008FA61 /* XCRemoteSwiftPackageReference "Alamofire" */,
				822FA0782AA6B62B0008FA61 /* XCRemoteSwiftPackageReference "ScalingHeaderScrollView" */,
				822FA07B2AA6B6320008FA61 /* XCRemoteSwiftPackageReference "Nuke" */,
				822FA0842AA6B6440008FA61 /* XCRemoteSwiftPackageReference "ActivityIndicatorView" */,
				822FA0952AA6B6650008FA61 /* XCRemoteSwiftPackageReference "SwipeActions" */,
				822FA09E2AA6B7800008FA61 /* XCRemoteSwiftPackageReference "swiftui-navigation-transitions" */,
				822FA0A12AA6B7C00008FA61 /* XCRemoteSwiftPackageReference "PopupView" */,
				821F090D2AA965FE00D6B6E6 /* XCRemoteSwiftPackageReference "GRDBQuery" */,
				8256459E2BCE0FC000F18AC9 /* XCRemoteSwiftPackageReference "realm-swift" */,
				82A5B45E2BD482EB00F52F2F /* XCRemoteSwiftPackageReference "AlertKit" */,
				82F768FE2BE92FA2001FA3CF /* XCRemoteSwiftPackageReference "FloatingButton" */,
			);
			productRefGroup = 826B766B2A729FDE000A4BAA /* Products */;
			projectDirPath = "";
			projectRoot = "";
			targets = (
				826B76692A729FDE000A4BAA /* Service Maps 2.0 */,
			);
		};
/* End PBXProject section */

/* Begin PBXResourcesBuildPhase section */
		826B76682A729FDE000A4BAA /* Resources */ = {
			isa = PBXResourcesBuildPhase;
			buildActionMask = 2147483647;
			files = (
				826B76752A729FE1000A4BAA /* Preview Assets.xcassets in Resources */,
				826B76722A729FE1000A4BAA /* Assets.xcassets in Resources */,
				82F75C142BDC98B7002CCAB0 /* Localizable.xcstrings in Resources */,
			);
			runOnlyForDeploymentPostprocessing = 0;
		};
/* End PBXResourcesBuildPhase section */

/* Begin PBXSourcesBuildPhase section */
		826B76662A729FDE000A4BAA /* Sources */ = {
			isa = PBXSourcesBuildPhase;
			buildActionMask = 2147483647;
			files = (
				82F75C1E2BE13710002CCAB0 /* PhoneTerritoryObject.swift in Sources */,
				824213772A8332EB00626DD5 /* CustomField.swift in Sources */,
				82F75C3E2BE2D6E3002CCAB0 /* AddCallViewModel.swift in Sources */,
				822FA0A72AA77A200008FA61 /* CirlceButtonStyle.swift in Sources */,
				8209340D2A7ADB3700AF3FF1 /* SignupView.swift in Sources */,
				825645B72BD04FCD00F18AC9 /* AddressViewModel.swift in Sources */,
				824213662A82BF0200626DD5 /* StartupState.swift in Sources */,
				82916C1D2A9944B3005133DE /* Symbols.swift in Sources */,
				82DAEEDE2AAF597100465DA5 /* HomeView.swift in Sources */,
				824213692A82C4CB00626DD5 /* AuthenticationManager.swift in Sources */,
				82916C1B2A994387005133DE /* AddVisitViewModel.swift in Sources */,
				828800202AA68BAA00725826 /* CDPublisher.swift in Sources */,
				820933FB2A794D0C00AF3FF1 /* SynchronizationManager.swift in Sources */,
				821C126A2A77F74D0050D106 /* AuthorizationProvider.swift in Sources */,
				8242137D2A84810300626DD5 /* SignupViewModel.swift in Sources */,
				82BC0F1B2A9BEFCB00B255BF /* TerritoryAddressModel.swift in Sources */,
				820933EF2A785B5800AF3FF1 /* TokenAPI.swift in Sources */,
				820933F32A785DD500AF3FF1 /* TokenTerritory.swift in Sources */,
				823FD4C92A7B52560036A1DD /* UIDeviceExtension.swift in Sources */,
				825645AD2BCE128E00F18AC9 /* TokenTerritoryObject.swift in Sources */,
				82BC0F1D2A9BF53900B255BF /* DataUploaderManager.swift in Sources */,
				82F913072BDAA01F00644A67 /* UniversalLinksManager.swift in Sources */,
				824213752A82E7D000626DD5 /* LoginViewModel.swift in Sources */,
				823FD4D52A7D6F2D0036A1DD /* TerritoryView.swift in Sources */,
				82916C172A990955005133DE /* ImagePickerView.swift in Sources */,
				822FA0AA2AA77C8F0008FA61 /* HouseCell.swift in Sources */,
				82DBEA9A2A880B9E002048DC /* ResetPassword.swift in Sources */,
				82F75C342BE29886002CCAB0 /* PhoneNumbersView.swift in Sources */,
				82F75C3C2BE2D6D7002CCAB0 /* AddCallView.swift in Sources */,
				82A5B46A2BD820BB00F52F2F /* AddKeyView.swift in Sources */,
				825645AF2BCE12DA00F18AC9 /* TerritoryAddressObject.swift in Sources */,
				824E5CF22BC57B6B001DE348 /* AccessViewModel.swift in Sources */,
				821C12642A77F0BD0050D106 /* LoginForm.swift in Sources */,
				8209340B2A7AD1A800AF3FF1 /* UIScreen Extension.swift in Sources */,
				820933F12A785D7F00AF3FF1 /* MyTokenModel.swift in Sources */,
				820933E42A784C3300AF3FF1 /* AllDataResponse.swift in Sources */,
				8250B1A92A8A826800A7B70E /* TerritoryViewModel.swift in Sources */,
				82A5B46C2BD94BE900F52F2F /* SettingsViewModel.swift in Sources */,
				82BC0F252A9C2C1D00B255BF /* PendingChange.swift in Sources */,
				82EC3E932A9CFF68000E2926 /* HousesView.swift in Sources */,
				82A5B4662BD6C41D00F52F2F /* KeyData.swift in Sources */,
				820934112A7ADC9600AF3FF1 /* OvalTextFieldStyle.swift in Sources */,
				82C11AAD2AA35FC8007CDFFA /* TerritoryAddressView.swift in Sources */,
				82F75C362BE2A5C8002CCAB0 /* AddPhoneNumberScreen.swift in Sources */,
				825645A92BCE11EE00F18AC9 /* VisitObject.swift in Sources */,
				827E35C62BE4453200FC0C64 /* HouseSortPredicate.swift in Sources */,
				820934002A7993E200AF3FF1 /* StructToModel.swift in Sources */,
				82F75C302BE27919002CCAB0 /* PhoneCallData.swift in Sources */,
				82F75C122BDC01AA002CCAB0 /* RegisterKeyView.swift in Sources */,
				820933E22A78444800AF3FF1 /* CongregationResponse.swift in Sources */,
				82F75C2A2BE15F04002CCAB0 /* PhoneScreenViewModel.swift in Sources */,
				82F75C282BE15E5D002CCAB0 /* PhoneData.swift in Sources */,
				824E5CF02BC43012001DE348 /* VisitCell.swift in Sources */,
				827EF1A22AA7B7E3006C4631 /* VisitsView.swift in Sources */,
				820934182A7AF35800AF3FF1 /* ViewExtension.swift in Sources */,
				821C12722A780EE40050D106 /* PasswordResetAPI.swift in Sources */,
				8242137B2A83357600626DD5 /* CustomButton.swift in Sources */,
				821C12662A77F37F0050D106 /* ApiRequestAsync.swift in Sources */,
				823FD4CB2A7BE3DA0036A1DD /* AdminLoginView.swift in Sources */,
				827EF1AA2AA8D0CD006C4631 /* NavigationAnimation.swift in Sources */,
				8209340F2A7ADB4000AF3FF1 /* LoginView.swift in Sources */,
				821C126C2A78081D0050D106 /* SignUpForm.swift in Sources */,
				823FD4DA2A8165230036A1DD /* AccessView.swift in Sources */,
				82BC0F212A9C249300B255BF /* ChangeAction.swift in Sources */,
				824E5CEE2BC37962001DE348 /* VisitsViewModel.swift in Sources */,
				820934052A7ABB6D00AF3FF1 /* LottieAnimationUIView.swift in Sources */,
				824213792A83335B00626DD5 /* CustomBackButton.swift in Sources */,
				82F75C382BE2D1A8002CCAB0 /* CallsView.swift in Sources */,
				82A5B45D2BD2F65E00F52F2F /* AddAddressViewModel.swift in Sources */,
				820933DE2A78425F00AF3FF1 /* CongregationAPI.swift in Sources */,
				821DE74F2BD9EB66001D092D /* apple-app-site-association in Sources */,
				821C12682A77F6180050D106 /* LoginResponse.swift in Sources */,
				821C125F2A77EE810050D106 /* API_Requests.swift in Sources */,
				82A967B72AAABE890043946F /* RoundedCornerExtension.swift in Sources */,
				82A399C52BBEFAD200ECA5E6 /* AddHouseViewModel.swift in Sources */,
				825645B12BCE13BD00F18AC9 /* RealmManager.swift in Sources */,
				8242136B2A82C5C800626DD5 /* StorageManager.swift in Sources */,
				82F75C242BE1552D002CCAB0 /* PhoneLoginScreen.swift in Sources */,
				820933EB2A7852FD00AF3FF1 /* VisitModel.swift in Sources */,
				825645A52BCE104300F18AC9 /* HouseObject.swift in Sources */,
				824E5CF62BC5ABF4001DE348 /* DatabaseManager.swift in Sources */,
				82BC0F272A9CD94500B255BF /* AddHouseView.swift in Sources */,
				825645A72BCE117500F18AC9 /* TerritoryObject.swift in Sources */,
				824213722A82DB7300626DD5 /* SplashScreenView.swift in Sources */,
				82A5B4642BD5B9D700F52F2F /* VisitData.swift in Sources */,
				82D526052A9290EE00B42916 /* AddTerritoryView.swift in Sources */,
				82F75C162BE132D3002CCAB0 /* AllPhoneDataResponse.swift in Sources */,
				826B76772A729FE1000A4BAA /* NSManagedObjectExtension.swift in Sources */,
				823FD4DC2A8165300036A1DD /* SettingsView.swift in Sources */,
				823FD4D72A7E78DA0036A1DD /* CellView.swift in Sources */,
				821C12762A78111C0050D106 /* ResetPasswordForm.swift in Sources */,
				824E5CF42BC57F73001DE348 /* TokenCell.swift in Sources */,
				82F75C182BE1333E002CCAB0 /* PhoneTerritoryModel.swift in Sources */,
				82F75C1C2BE134D3002CCAB0 /* PhoneCallModel.swift in Sources */,
				824213702A82DAEA00626DD5 /* NoDataView.swift in Sources */,
				821DE74D2BD9EA46001D092D /* AppDelegate.swift in Sources */,
				82D526072A9292B100B42916 /* AddTerritoryViewModel.swift in Sources */,
				82F75C2E2BE27698002CCAB0 /* PhoneNumbersData.swift in Sources */,
				826B76822A729FF6000A4BAA /* Service_Maps.xcdatamodeld in Sources */,
				82F913092BDAB27F00644A67 /* LinkScreens.swift in Sources */,
				82A5B4622BD5B31600F52F2F /* HouseData.swift in Sources */,
				82BC0F232A9C24AC00B255BF /* ChangeType.swift in Sources */,
				82F75C1A2BE1343A002CCAB0 /* PhoneNumberModel.swift in Sources */,
				82BC0F1F2A9BF55B00B255BF /* AuthorizationLevelManager.swift in Sources */,
				821111B62A7315B600F94662 /* AuthenticationAPI.swift in Sources */,
				826B76702A729FDE000A4BAA /* HomeTabView.swift in Sources */,
				821C12782A7811CD0050D106 /* AdminAPI.swift in Sources */,
				827EF1A42AA7C2F0006C4631 /* DateFormat.swift in Sources */,
				82F9130C2BDAE7D000644A67 /* ValidationView.swift in Sources */,
				820933ED2A785A9400AF3FF1 /* UserAPI.swift in Sources */,
				825645AB2BCE125000F18AC9 /* TokenObject.swift in Sources */,
				82F75C3A2BE2D1BA002CCAB0 /* CallsViewModel.swift in Sources */,
				826B766E2A729FDE000A4BAA /* Service_Maps_2_0App.swift in Sources */,
				82F288872A86C21100930849 /* VerificationViewModel.swift in Sources */,
				821C126E2A780B310050D106 /* UserResponse.swift in Sources */,
				8288001E2AA6621D00725826 /* ReuploaderWorker.swift in Sources */,
				823FD4D22A7BFA640036A1DD /* VerificationView.swift in Sources */,
				827EF1A82AA8C644006C4631 /* TerritoryData.swift in Sources */,
				820933FE2A795FDD00AF3FF1 /* AccessLevel.swift in Sources */,
				821C12742A780F4C0050D106 /* RequestResetForm.swift in Sources */,
				827EF1A62AA8C628006C4631 /* ModelExtensions.swift in Sources */,
				82F75C2C2BE160F5002CCAB0 /* AddPhoneTerritoryView.swift in Sources */,
				8242136D2A82CF4000626DD5 /* CustomErrors.swift in Sources */,
				82F75C262BE15A2E002CCAB0 /* PhoneTerritoriesScreen.swift in Sources */,
				820933F52A78608C00AF3FF1 /* NewTokenForm.swift in Sources */,
				823FD4D02A7BF07B0036A1DD /* LoadingView.swift in Sources */,
				82F75C202BE13885002CCAB0 /* PhoneNumberObject.swift in Sources */,
				820933E02A78427E00AF3FF1 /* CongregationSignInForm.swift in Sources */,
				82F75C102BDB3DE5002CCAB0 /* PrivacyPolicy.swift in Sources */,
				825645B52BD04E9F00F18AC9 /* AddressData.swift in Sources */,
				82A5B4592BD1A48500F52F2F /* TerritoryDataWithKeys.swift in Sources */,
				820933E92A7852B400AF3FF1 /* TerritoryModel.swift in Sources */,
				82F75C222BE138FC002CCAB0 /* PhoneCallObject.swift in Sources */,
				82A5B4682BD815A200F52F2F /* AddKeyViewModel.swift in Sources */,
				82A5B45B2BD2F64800F52F2F /* AddAddressView.swift in Sources */,
				82916C192A994298005133DE /* AddVisitView.swift in Sources */,
				820934032A7ABB3A00AF3FF1 /* WelcomeView.swift in Sources */,
				820933E72A78506100AF3FF1 /* HouseModel.swift in Sources */,
				820933F72A78631500AF3FF1 /* DeleteTokenForm.swift in Sources */,
				822FA0A52AA7798A0008FA61 /* HousesViewModel.swift in Sources */,
				825645B32BCE283500F18AC9 /* AreEqualFuncs.swift in Sources */,
			);
			runOnlyForDeploymentPostprocessing = 0;
		};
/* End PBXSourcesBuildPhase section */

/* Begin XCBuildConfiguration section */
		826B767B2A729FE1000A4BAA /* Debug */ = {
			isa = XCBuildConfiguration;
			buildSettings = {
				ALWAYS_SEARCH_USER_PATHS = NO;
				ASSETCATALOG_COMPILER_GENERATE_SWIFT_ASSET_SYMBOL_EXTENSIONS = YES;
				CLANG_ANALYZER_LOCALIZABILITY_NONLOCALIZED = YES;
				CLANG_ANALYZER_NONNULL = YES;
				CLANG_ANALYZER_NUMBER_OBJECT_CONVERSION = YES_AGGRESSIVE;
				CLANG_CXX_LANGUAGE_STANDARD = "gnu++20";
				CLANG_ENABLE_MODULES = YES;
				CLANG_ENABLE_OBJC_ARC = YES;
				CLANG_ENABLE_OBJC_WEAK = YES;
				CLANG_WARN_BLOCK_CAPTURE_AUTORELEASING = YES;
				CLANG_WARN_BOOL_CONVERSION = YES;
				CLANG_WARN_COMMA = YES;
				CLANG_WARN_CONSTANT_CONVERSION = YES;
				CLANG_WARN_DEPRECATED_OBJC_IMPLEMENTATIONS = YES;
				CLANG_WARN_DIRECT_OBJC_ISA_USAGE = YES_ERROR;
				CLANG_WARN_DOCUMENTATION_COMMENTS = YES;
				CLANG_WARN_EMPTY_BODY = YES;
				CLANG_WARN_ENUM_CONVERSION = YES;
				CLANG_WARN_INFINITE_RECURSION = YES;
				CLANG_WARN_INT_CONVERSION = YES;
				CLANG_WARN_NON_LITERAL_NULL_CONVERSION = YES;
				CLANG_WARN_OBJC_IMPLICIT_RETAIN_SELF = YES;
				CLANG_WARN_OBJC_LITERAL_CONVERSION = YES;
				CLANG_WARN_OBJC_ROOT_CLASS = YES_ERROR;
				CLANG_WARN_QUOTED_INCLUDE_IN_FRAMEWORK_HEADER = YES;
				CLANG_WARN_RANGE_LOOP_ANALYSIS = YES;
				CLANG_WARN_STRICT_PROTOTYPES = YES;
				CLANG_WARN_SUSPICIOUS_MOVE = YES;
				CLANG_WARN_UNGUARDED_AVAILABILITY = YES_AGGRESSIVE;
				CLANG_WARN_UNREACHABLE_CODE = YES;
				CLANG_WARN__DUPLICATE_METHOD_MATCH = YES;
				COPY_PHASE_STRIP = NO;
				DEBUG_INFORMATION_FORMAT = dwarf;
				ENABLE_STRICT_OBJC_MSGSEND = YES;
				ENABLE_TESTABILITY = YES;
				ENABLE_USER_SCRIPT_SANDBOXING = YES;
				GCC_C_LANGUAGE_STANDARD = gnu17;
				GCC_DYNAMIC_NO_PIC = NO;
				GCC_NO_COMMON_BLOCKS = YES;
				GCC_OPTIMIZATION_LEVEL = 0;
				GCC_PREPROCESSOR_DEFINITIONS = (
					"DEBUG=1",
					"$(inherited)",
				);
				GCC_WARN_64_TO_32_BIT_CONVERSION = YES;
				GCC_WARN_ABOUT_RETURN_TYPE = YES_ERROR;
				GCC_WARN_UNDECLARED_SELECTOR = YES;
				GCC_WARN_UNINITIALIZED_AUTOS = YES_AGGRESSIVE;
				GCC_WARN_UNUSED_FUNCTION = YES;
				GCC_WARN_UNUSED_VARIABLE = YES;
				IPHONEOS_DEPLOYMENT_TARGET = 16.0;
				LOCALIZATION_PREFERS_STRING_CATALOGS = YES;
				MTL_ENABLE_DEBUG_INFO = INCLUDE_SOURCE;
				MTL_FAST_MATH = YES;
				ONLY_ACTIVE_ARCH = YES;
				SDKROOT = iphoneos;
				SWIFT_ACTIVE_COMPILATION_CONDITIONS = "DEBUG $(inherited)";
				SWIFT_OPTIMIZATION_LEVEL = "-Onone";
			};
			name = Debug;
		};
		826B767C2A729FE1000A4BAA /* Release */ = {
			isa = XCBuildConfiguration;
			buildSettings = {
				ALWAYS_SEARCH_USER_PATHS = NO;
				ASSETCATALOG_COMPILER_GENERATE_SWIFT_ASSET_SYMBOL_EXTENSIONS = YES;
				CLANG_ANALYZER_LOCALIZABILITY_NONLOCALIZED = YES;
				CLANG_ANALYZER_NONNULL = YES;
				CLANG_ANALYZER_NUMBER_OBJECT_CONVERSION = YES_AGGRESSIVE;
				CLANG_CXX_LANGUAGE_STANDARD = "gnu++20";
				CLANG_ENABLE_MODULES = YES;
				CLANG_ENABLE_OBJC_ARC = YES;
				CLANG_ENABLE_OBJC_WEAK = YES;
				CLANG_WARN_BLOCK_CAPTURE_AUTORELEASING = YES;
				CLANG_WARN_BOOL_CONVERSION = YES;
				CLANG_WARN_COMMA = YES;
				CLANG_WARN_CONSTANT_CONVERSION = YES;
				CLANG_WARN_DEPRECATED_OBJC_IMPLEMENTATIONS = YES;
				CLANG_WARN_DIRECT_OBJC_ISA_USAGE = YES_ERROR;
				CLANG_WARN_DOCUMENTATION_COMMENTS = YES;
				CLANG_WARN_EMPTY_BODY = YES;
				CLANG_WARN_ENUM_CONVERSION = YES;
				CLANG_WARN_INFINITE_RECURSION = YES;
				CLANG_WARN_INT_CONVERSION = YES;
				CLANG_WARN_NON_LITERAL_NULL_CONVERSION = YES;
				CLANG_WARN_OBJC_IMPLICIT_RETAIN_SELF = YES;
				CLANG_WARN_OBJC_LITERAL_CONVERSION = YES;
				CLANG_WARN_OBJC_ROOT_CLASS = YES_ERROR;
				CLANG_WARN_QUOTED_INCLUDE_IN_FRAMEWORK_HEADER = YES;
				CLANG_WARN_RANGE_LOOP_ANALYSIS = YES;
				CLANG_WARN_STRICT_PROTOTYPES = YES;
				CLANG_WARN_SUSPICIOUS_MOVE = YES;
				CLANG_WARN_UNGUARDED_AVAILABILITY = YES_AGGRESSIVE;
				CLANG_WARN_UNREACHABLE_CODE = YES;
				CLANG_WARN__DUPLICATE_METHOD_MATCH = YES;
				COPY_PHASE_STRIP = NO;
				DEBUG_INFORMATION_FORMAT = "dwarf-with-dsym";
				ENABLE_NS_ASSERTIONS = NO;
				ENABLE_STRICT_OBJC_MSGSEND = YES;
				ENABLE_USER_SCRIPT_SANDBOXING = YES;
				GCC_C_LANGUAGE_STANDARD = gnu17;
				GCC_NO_COMMON_BLOCKS = YES;
				GCC_WARN_64_TO_32_BIT_CONVERSION = YES;
				GCC_WARN_ABOUT_RETURN_TYPE = YES_ERROR;
				GCC_WARN_UNDECLARED_SELECTOR = YES;
				GCC_WARN_UNINITIALIZED_AUTOS = YES_AGGRESSIVE;
				GCC_WARN_UNUSED_FUNCTION = YES;
				GCC_WARN_UNUSED_VARIABLE = YES;
				IPHONEOS_DEPLOYMENT_TARGET = 16.0;
				LOCALIZATION_PREFERS_STRING_CATALOGS = YES;
				MTL_ENABLE_DEBUG_INFO = NO;
				MTL_FAST_MATH = YES;
				SDKROOT = iphoneos;
				SWIFT_COMPILATION_MODE = wholemodule;
				VALIDATE_PRODUCT = YES;
			};
			name = Release;
		};
		826B767E2A729FE1000A4BAA /* Debug */ = {
			isa = XCBuildConfiguration;
			buildSettings = {
				ASSETCATALOG_COMPILER_APPICON_NAME = AppIcon;
				ASSETCATALOG_COMPILER_GLOBAL_ACCENT_COLOR_NAME = AccentColor;
				CODE_SIGN_ENTITLEMENTS = "Service Maps 2.0/Service Maps 2.0.entitlements";
				CODE_SIGN_STYLE = Automatic;
				CURRENT_PROJECT_VERSION = 1;
				DEVELOPMENT_ASSET_PATHS = "\"Service Maps 2.0/Preview Content\"";
				DEVELOPMENT_TEAM = 6FLCXFF4D9;
				ENABLE_PREVIEWS = YES;
				GENERATE_INFOPLIST_FILE = YES;
				INFOPLIST_FILE = "Service-Maps-2-0-Info.plist";
				INFOPLIST_KEY_CFBundleDisplayName = "Service Maps";
				INFOPLIST_KEY_LSApplicationCategoryType = "public.app-category.utilities";
				INFOPLIST_KEY_UIApplicationSceneManifest_Generation = YES;
				INFOPLIST_KEY_UIApplicationSupportsIndirectInputEvents = YES;
				INFOPLIST_KEY_UILaunchScreen_Generation = YES;
				INFOPLIST_KEY_UISupportedInterfaceOrientations = UIInterfaceOrientationPortrait;
				INFOPLIST_KEY_UISupportedInterfaceOrientations_iPad = "UIInterfaceOrientationLandscapeLeft UIInterfaceOrientationLandscapeRight UIInterfaceOrientationPortrait UIInterfaceOrientationPortraitUpsideDown";
				LD_RUNPATH_SEARCH_PATHS = (
					"$(inherited)",
					"@executable_path/Frameworks",
				);
				MARKETING_VERSION = 2.5.4;
				PRODUCT_BUNDLE_IDENTIFIER = com.Jose.Blanco.Territorios;
				PRODUCT_NAME = "$(TARGET_NAME)";
				SWIFT_EMIT_LOC_STRINGS = YES;
				SWIFT_VERSION = 5.0;
				TARGETED_DEVICE_FAMILY = "1,2";
			};
			name = Debug;
		};
		826B767F2A729FE1000A4BAA /* Release */ = {
			isa = XCBuildConfiguration;
			buildSettings = {
				ASSETCATALOG_COMPILER_APPICON_NAME = AppIcon;
				ASSETCATALOG_COMPILER_GLOBAL_ACCENT_COLOR_NAME = AccentColor;
				CODE_SIGN_ENTITLEMENTS = "Service Maps 2.0/Service Maps 2.0.entitlements";
				CODE_SIGN_STYLE = Automatic;
				CURRENT_PROJECT_VERSION = 1;
				DEVELOPMENT_ASSET_PATHS = "\"Service Maps 2.0/Preview Content\"";
				DEVELOPMENT_TEAM = 6FLCXFF4D9;
				ENABLE_PREVIEWS = YES;
				GENERATE_INFOPLIST_FILE = YES;
				INFOPLIST_FILE = "Service-Maps-2-0-Info.plist";
				INFOPLIST_KEY_CFBundleDisplayName = "Service Maps";
				INFOPLIST_KEY_LSApplicationCategoryType = "public.app-category.utilities";
				INFOPLIST_KEY_UIApplicationSceneManifest_Generation = YES;
				INFOPLIST_KEY_UIApplicationSupportsIndirectInputEvents = YES;
				INFOPLIST_KEY_UILaunchScreen_Generation = YES;
				INFOPLIST_KEY_UISupportedInterfaceOrientations = UIInterfaceOrientationPortrait;
				INFOPLIST_KEY_UISupportedInterfaceOrientations_iPad = "UIInterfaceOrientationLandscapeLeft UIInterfaceOrientationLandscapeRight UIInterfaceOrientationPortrait UIInterfaceOrientationPortraitUpsideDown";
				LD_RUNPATH_SEARCH_PATHS = (
					"$(inherited)",
					"@executable_path/Frameworks",
				);
				MARKETING_VERSION = 2.5.4;
				PRODUCT_BUNDLE_IDENTIFIER = com.Jose.Blanco.Territorios;
				PRODUCT_NAME = "$(TARGET_NAME)";
				SWIFT_EMIT_LOC_STRINGS = YES;
				SWIFT_VERSION = 5.0;
				TARGETED_DEVICE_FAMILY = "1,2";
			};
			name = Release;
		};
/* End XCBuildConfiguration section */

/* Begin XCConfigurationList section */
		826B76652A729FDE000A4BAA /* Build configuration list for PBXProject "Service Maps 2.0" */ = {
			isa = XCConfigurationList;
			buildConfigurations = (
				826B767B2A729FE1000A4BAA /* Debug */,
				826B767C2A729FE1000A4BAA /* Release */,
			);
			defaultConfigurationIsVisible = 0;
			defaultConfigurationName = Release;
		};
		826B767D2A729FE1000A4BAA /* Build configuration list for PBXNativeTarget "Service Maps 2.0" */ = {
			isa = XCConfigurationList;
			buildConfigurations = (
				826B767E2A729FE1000A4BAA /* Debug */,
				826B767F2A729FE1000A4BAA /* Release */,
			);
			defaultConfigurationIsVisible = 0;
			defaultConfigurationName = Release;
		};
/* End XCConfigurationList section */

/* Begin XCRemoteSwiftPackageReference section */
		821F090D2AA965FE00D6B6E6 /* XCRemoteSwiftPackageReference "GRDBQuery" */ = {
			isa = XCRemoteSwiftPackageReference;
			repositoryURL = "https://github.com/groue/GRDBQuery";
			requirement = {
				kind = upToNextMajorVersion;
				minimumVersion = 0.7.0;
			};
		};
		822FA0722AA6B61C0008FA61 /* XCRemoteSwiftPackageReference "lottie-ios" */ = {
			isa = XCRemoteSwiftPackageReference;
			repositoryURL = "https://github.com/airbnb/lottie-ios.git";
			requirement = {
				kind = upToNextMajorVersion;
				minimumVersion = 4.2.0;
			};
		};
		822FA0752AA6B6230008FA61 /* XCRemoteSwiftPackageReference "Alamofire" */ = {
			isa = XCRemoteSwiftPackageReference;
			repositoryURL = "https://github.com/Alamofire/Alamofire.git";
			requirement = {
				kind = upToNextMajorVersion;
				minimumVersion = 5.8.0;
			};
		};
		822FA0782AA6B62B0008FA61 /* XCRemoteSwiftPackageReference "ScalingHeaderScrollView" */ = {
			isa = XCRemoteSwiftPackageReference;
			repositoryURL = "https://github.com/exyte/ScalingHeaderScrollView";
			requirement = {
				kind = upToNextMajorVersion;
				minimumVersion = 1.0.1;
			};
		};
		822FA07B2AA6B6320008FA61 /* XCRemoteSwiftPackageReference "Nuke" */ = {
			isa = XCRemoteSwiftPackageReference;
			repositoryURL = "https://github.com/kean/Nuke";
			requirement = {
				kind = upToNextMajorVersion;
				minimumVersion = 12.1.6;
			};
		};
		822FA0842AA6B6440008FA61 /* XCRemoteSwiftPackageReference "ActivityIndicatorView" */ = {
			isa = XCRemoteSwiftPackageReference;
			repositoryURL = "https://github.com/exyte/ActivityIndicatorView";
			requirement = {
				kind = upToNextMajorVersion;
				minimumVersion = 1.1.1;
			};
		};
		822FA0952AA6B6650008FA61 /* XCRemoteSwiftPackageReference "SwipeActions" */ = {
			isa = XCRemoteSwiftPackageReference;
			repositoryURL = "https://github.com/aheze/SwipeActions";
			requirement = {
				kind = upToNextMajorVersion;
				minimumVersion = 1.1.0;
			};
		};
		822FA09E2AA6B7800008FA61 /* XCRemoteSwiftPackageReference "swiftui-navigation-transitions" */ = {
			isa = XCRemoteSwiftPackageReference;
			repositoryURL = "https://github.com/davdroman/swiftui-navigation-transitions";
			requirement = {
				kind = upToNextMajorVersion;
				minimumVersion = 0.11.0;
			};
		};
		822FA0A12AA6B7C00008FA61 /* XCRemoteSwiftPackageReference "PopupView" */ = {
			isa = XCRemoteSwiftPackageReference;
			repositoryURL = "https://github.com/exyte/PopupView.git";
			requirement = {
				kind = upToNextMajorVersion;
				minimumVersion = 2.6.2;
			};
		};
		8256459E2BCE0FC000F18AC9 /* XCRemoteSwiftPackageReference "realm-swift" */ = {
			isa = XCRemoteSwiftPackageReference;
			repositoryURL = "https://github.com/realm/realm-swift";
			requirement = {
				branch = master;
				kind = branch;
			};
		};
		82A5B45E2BD482EB00F52F2F /* XCRemoteSwiftPackageReference "AlertKit" */ = {
			isa = XCRemoteSwiftPackageReference;
			repositoryURL = "https://github.com/sparrowcode/AlertKit";
			requirement = {
				kind = upToNextMajorVersion;
				minimumVersion = 5.1.9;
			};
		};
		82F768FE2BE92FA2001FA3CF /* XCRemoteSwiftPackageReference "FloatingButton" */ = {
			isa = XCRemoteSwiftPackageReference;
			repositoryURL = "https://github.com/exyte/FloatingButton";
			requirement = {
				kind = upToNextMajorVersion;
				minimumVersion = 1.3.0;
			};
		};
/* End XCRemoteSwiftPackageReference section */

/* Begin XCSwiftPackageProductDependency section */
		821F090E2AA965FE00D6B6E6 /* GRDBQuery */ = {
			isa = XCSwiftPackageProductDependency;
			package = 821F090D2AA965FE00D6B6E6 /* XCRemoteSwiftPackageReference "GRDBQuery" */;
			productName = GRDBQuery;
		};
		822FA0732AA6B61C0008FA61 /* Lottie */ = {
			isa = XCSwiftPackageProductDependency;
			package = 822FA0722AA6B61C0008FA61 /* XCRemoteSwiftPackageReference "lottie-ios" */;
			productName = Lottie;
		};
		822FA0762AA6B6230008FA61 /* Alamofire */ = {
			isa = XCSwiftPackageProductDependency;
			package = 822FA0752AA6B6230008FA61 /* XCRemoteSwiftPackageReference "Alamofire" */;
			productName = Alamofire;
		};
		822FA0792AA6B62B0008FA61 /* ScalingHeaderScrollView */ = {
			isa = XCSwiftPackageProductDependency;
			package = 822FA0782AA6B62B0008FA61 /* XCRemoteSwiftPackageReference "ScalingHeaderScrollView" */;
			productName = ScalingHeaderScrollView;
		};
		822FA07C2AA6B6320008FA61 /* Nuke */ = {
			isa = XCSwiftPackageProductDependency;
			package = 822FA07B2AA6B6320008FA61 /* XCRemoteSwiftPackageReference "Nuke" */;
			productName = Nuke;
		};
		822FA07E2AA6B6320008FA61 /* NukeExtensions */ = {
			isa = XCSwiftPackageProductDependency;
			package = 822FA07B2AA6B6320008FA61 /* XCRemoteSwiftPackageReference "Nuke" */;
			productName = NukeExtensions;
		};
		822FA0802AA6B6320008FA61 /* NukeUI */ = {
			isa = XCSwiftPackageProductDependency;
			package = 822FA07B2AA6B6320008FA61 /* XCRemoteSwiftPackageReference "Nuke" */;
			productName = NukeUI;
		};
		822FA0822AA6B6320008FA61 /* NukeVideo */ = {
			isa = XCSwiftPackageProductDependency;
			package = 822FA07B2AA6B6320008FA61 /* XCRemoteSwiftPackageReference "Nuke" */;
			productName = NukeVideo;
		};
		822FA0852AA6B6440008FA61 /* ActivityIndicatorView */ = {
			isa = XCSwiftPackageProductDependency;
			package = 822FA0842AA6B6440008FA61 /* XCRemoteSwiftPackageReference "ActivityIndicatorView" */;
			productName = ActivityIndicatorView;
		};
		822FA0962AA6B6650008FA61 /* SwipeActions */ = {
			isa = XCSwiftPackageProductDependency;
			package = 822FA0952AA6B6650008FA61 /* XCRemoteSwiftPackageReference "SwipeActions" */;
			productName = SwipeActions;
		};
		822FA09F2AA6B7800008FA61 /* NavigationTransitions */ = {
			isa = XCSwiftPackageProductDependency;
			package = 822FA09E2AA6B7800008FA61 /* XCRemoteSwiftPackageReference "swiftui-navigation-transitions" */;
			productName = NavigationTransitions;
		};
		822FA0A22AA6B7C00008FA61 /* PopupView */ = {
			isa = XCSwiftPackageProductDependency;
			package = 822FA0A12AA6B7C00008FA61 /* XCRemoteSwiftPackageReference "PopupView" */;
			productName = PopupView;
		};
		8256459F2BCE0FC000F18AC9 /* Realm */ = {
			isa = XCSwiftPackageProductDependency;
			package = 8256459E2BCE0FC000F18AC9 /* XCRemoteSwiftPackageReference "realm-swift" */;
			productName = Realm;
		};
		825645A12BCE0FC000F18AC9 /* RealmSwift */ = {
			isa = XCSwiftPackageProductDependency;
			package = 8256459E2BCE0FC000F18AC9 /* XCRemoteSwiftPackageReference "realm-swift" */;
			productName = RealmSwift;
		};
		82A5B45F2BD482EB00F52F2F /* AlertKit */ = {
			isa = XCSwiftPackageProductDependency;
			package = 82A5B45E2BD482EB00F52F2F /* XCRemoteSwiftPackageReference "AlertKit" */;
			productName = AlertKit;
		};
		82F768FF2BE92FA2001FA3CF /* FloatingButton */ = {
			isa = XCSwiftPackageProductDependency;
			package = 82F768FE2BE92FA2001FA3CF /* XCRemoteSwiftPackageReference "FloatingButton" */;
			productName = FloatingButton;
		};
/* End XCSwiftPackageProductDependency section */

/* Begin XCVersionGroup section */
		826B76802A729FF6000A4BAA /* Service_Maps.xcdatamodeld */ = {
			isa = XCVersionGroup;
			children = (
				826B76812A729FF6000A4BAA /* Service_Maps.xcdatamodel */,
			);
			currentVersion = 826B76812A729FF6000A4BAA /* Service_Maps.xcdatamodel */;
			path = Service_Maps.xcdatamodeld;
			sourceTree = "<group>";
			versionGroupType = wrapper.xcdatamodel;
		};
/* End XCVersionGroup section */
	};
	rootObject = 826B76622A729FDE000A4BAA /* Project object */;
}
